// !$*UTF8*$!
{
	archiveVersion = 1;
	classes = {
	};
	objectVersion = 54;
	objects = {

/* Begin PBXBuildFile section */
		DD0B86D427667E3F00DCC61F /* LineChart.swift in Sources */ = {isa = PBXBuildFile; fileRef = DD0B86D327667E3F00DCC61F /* LineChart.swift */; };
		DD4F97532751167000D3CC57 /* CoreDataStack.swift in Sources */ = {isa = PBXBuildFile; fileRef = DD4F97522751167000D3CC57 /* CoreDataStack.swift */; };
		DD4F979A27515CA800D3CC57 /* WidgetKit.framework in Frameworks */ = {isa = PBXBuildFile; fileRef = DD3288EF26A9AA7F000DFD73 /* WidgetKit.framework */; };
		DD4F979B27515CA800D3CC57 /* SwiftUI.framework in Frameworks */ = {isa = PBXBuildFile; fileRef = DD3288F126A9AA7F000DFD73 /* SwiftUI.framework */; };
		DD4F979E27515CA800D3CC57 /* CalqWidget.swift in Sources */ = {isa = PBXBuildFile; fileRef = DD4F979D27515CA800D3CC57 /* CalqWidget.swift */; };
		DD4F97A427515CAC00D3CC57 /* CalqWidgetExtension.appex in Embed Foundation Extensions */ = {isa = PBXBuildFile; fileRef = DD4F979927515CA800D3CC57 /* CalqWidgetExtension.appex */; settings = {ATTRIBUTES = (RemoveHeadersOnCopy, ); }; };
		DD4F97A827515CC600D3CC57 /* Util.swift in Sources */ = {isa = PBXBuildFile; fileRef = DD687945261C530000BF2B48 /* Util.swift */; };
		DD4F97A927515CCA00D3CC57 /* CoreDataStack.swift in Sources */ = {isa = PBXBuildFile; fileRef = DD4F97522751167000D3CC57 /* CoreDataStack.swift */; };
		DD60BA552715B69A00048FA4 /* grades.json in Resources */ = {isa = PBXBuildFile; fileRef = DD60BA542715B69A00048FA4 /* grades.json */; };
		DD6878902617B1AB00BF2B48 /* Assets.xcassets in Resources */ = {isa = PBXBuildFile; fileRef = DD68788F2617B1AB00BF2B48 /* Assets.xcassets */; };
		DD6878932617B1AB00BF2B48 /* LaunchScreen.storyboard in Resources */ = {isa = PBXBuildFile; fileRef = DD6878912617B1AB00BF2B48 /* LaunchScreen.storyboard */; };
		DD687946261C530000BF2B48 /* Util.swift in Sources */ = {isa = PBXBuildFile; fileRef = DD687945261C530000BF2B48 /* Util.swift */; };
		DD81F6832759091600B4A43B /* JSONUtil.swift in Sources */ = {isa = PBXBuildFile; fileRef = DD81F6822759091600B4A43B /* JSONUtil.swift */; };
		DD8813792764D58B00EB6BD8 /* BarChart.swift in Sources */ = {isa = PBXBuildFile; fileRef = DD8813782764D58B00EB6BD8 /* BarChart.swift */; };
		F10CA6B6298DB4AB008F3FE9 /* SubjectDetailScreen.swift in Sources */ = {isa = PBXBuildFile; fileRef = F10CA6B5298DB4AB008F3FE9 /* SubjectDetailScreen.swift */; };
		F10D66B2298D57BD00993237 /* BlockView.swift in Sources */ = {isa = PBXBuildFile; fileRef = F10D66B1298D57BD00993237 /* BlockView.swift */; };
		F10D66B4298D66C200993237 /* ExamVM.swift in Sources */ = {isa = PBXBuildFile; fileRef = F10D66B3298D66C200993237 /* ExamVM.swift */; };
		F10E74F32A41E6C1004C7863 /* WhatsNewScreen.swift in Sources */ = {isa = PBXBuildFile; fileRef = F10E74F22A41E6C1004C7863 /* WhatsNewScreen.swift */; };
		F1138E5129958878008E7FD8 /* DocumentPicker.swift in Sources */ = {isa = PBXBuildFile; fileRef = F1138E5029958878008E7FD8 /* DocumentPicker.swift */; };
		F1138E5529959677008E7FD8 /* GradeListScreen.swift in Sources */ = {isa = PBXBuildFile; fileRef = F1138E5429959677008E7FD8 /* GradeListScreen.swift */; };
		F11583022AA4910200122FBB /* Mapping Model 2 to 3.xcmappingmodel in Sources */ = {isa = PBXBuildFile; fileRef = F11583012AA4910200122FBB /* Mapping Model 2 to 3.xcmappingmodel */; };
		F11583042AA4AB3500122FBB /* Models.swift in Sources */ = {isa = PBXBuildFile; fileRef = F11583032AA4AB3500122FBB /* Models.swift */; };
		F11583052AA4AC8200122FBB /* Models.swift in Sources */ = {isa = PBXBuildFile; fileRef = F11583032AA4AB3500122FBB /* Models.swift */; };
		F14140462A47639E007E4648 /* TabViewVM.swift in Sources */ = {isa = PBXBuildFile; fileRef = F14140452A47639E007E4648 /* TabViewVM.swift */; };
		F14140482A476408007E4648 /* AppStoreRating.swift in Sources */ = {isa = PBXBuildFile; fileRef = F14140472A476408007E4648 /* AppStoreRating.swift */; };
		F17F443D298C4DA7000A3993 /* CalqApp.swift in Sources */ = {isa = PBXBuildFile; fileRef = F17F443C298C4DA7000A3993 /* CalqApp.swift */; };
		F17F443F298C4DCE000A3993 /* OverviewScreen.swift in Sources */ = {isa = PBXBuildFile; fileRef = F17F443E298C4DCE000A3993 /* OverviewScreen.swift */; };
		F17F4442298C4DDF000A3993 /* TabView.swift in Sources */ = {isa = PBXBuildFile; fileRef = F17F4441298C4DDF000A3993 /* TabView.swift */; };
		F17F4444298C4E7D000A3993 /* SettingsScreen.swift in Sources */ = {isa = PBXBuildFile; fileRef = F17F4443298C4E7D000A3993 /* SettingsScreen.swift */; };
		F17F4446298C4EC3000A3993 /* ExamScreen.swift in Sources */ = {isa = PBXBuildFile; fileRef = F17F4445298C4EC3000A3993 /* ExamScreen.swift */; };
		F17F4448298C4ED3000A3993 /* NewGradeScreen.swift in Sources */ = {isa = PBXBuildFile; fileRef = F17F4447298C4ED3000A3993 /* NewGradeScreen.swift */; };
		F17F444A298C4EE7000A3993 /* SubjectListScreen.swift in Sources */ = {isa = PBXBuildFile; fileRef = F17F4449298C4EE7000A3993 /* SubjectListScreen.swift */; };
		F17F445E298C59B3000A3993 /* ColorExtension.swift in Sources */ = {isa = PBXBuildFile; fileRef = F17F445D298C59B3000A3993 /* ColorExtension.swift */; };
		F192DD24299D10CB0077B905 /* NewSubject.swift in Sources */ = {isa = PBXBuildFile; fileRef = F192DD23299D10CB0077B905 /* NewSubject.swift */; };
		F192DD25299D2CD00077B905 /* BarChart.swift in Sources */ = {isa = PBXBuildFile; fileRef = DD8813782764D58B00EB6BD8 /* BarChart.swift */; };
		F192DD28299D2DEC0077B905 /* ViewExtension.swift in Sources */ = {isa = PBXBuildFile; fileRef = F192DD27299D2DEC0077B905 /* ViewExtension.swift */; };
		F192DD29299D2DF40077B905 /* ViewExtension.swift in Sources */ = {isa = PBXBuildFile; fileRef = F192DD27299D2DEC0077B905 /* ViewExtension.swift */; };
		F19359DE2B544523007F2F58 /* Util+Sorting.swift in Sources */ = {isa = PBXBuildFile; fileRef = F1A6BC452B543DBB001BD833 /* Util+Sorting.swift */; };
		F19B10A529AF84C000B11C82 /* OverviewVM.swift in Sources */ = {isa = PBXBuildFile; fileRef = F19B10A429AF84C000B11C82 /* OverviewVM.swift */; };
		F19F8E4229F18E03006142B4 /* Localizable.strings in Resources */ = {isa = PBXBuildFile; fileRef = F19F8E4429F18E03006142B4 /* Localizable.strings */; };
		F1A05C5F2A642670003734F2 /* StringExtension.swift in Sources */ = {isa = PBXBuildFile; fileRef = F1A05C5E2A642670003734F2 /* StringExtension.swift */; };
		F1A074AF2AB4A717005B4957 /* CircleChart.swift in Sources */ = {isa = PBXBuildFile; fileRef = F1E8BFE229900C5500486A6D /* CircleChart.swift */; };
		F1A074B02AB4ADB2005B4957 /* Localizable.strings in Resources */ = {isa = PBXBuildFile; fileRef = F19F8E4429F18E03006142B4 /* Localizable.strings */; };
		F1A53D002A196BFF0045C5B0 /* ListBackgroundModifier.swift in Sources */ = {isa = PBXBuildFile; fileRef = F1A53CFF2A196BFF0045C5B0 /* ListBackgroundModifier.swift */; };
		F1A53D032A196C220045C5B0 /* WeightViewmodel.swift in Sources */ = {isa = PBXBuildFile; fileRef = F1A53D022A196C220045C5B0 /* WeightViewmodel.swift */; };
		F1A59A3E2A6347880039C95E /* ToastView.swift in Sources */ = {isa = PBXBuildFile; fileRef = F1A59A3D2A6347880039C95E /* ToastView.swift */; };
		F1A6BC422B543A59001BD833 /* FeedbackService.swift in Sources */ = {isa = PBXBuildFile; fileRef = F1A6BC412B543A59001BD833 /* FeedbackService.swift */; };
		F1A6BC442B543B47001BD833 /* Reachability.swift in Sources */ = {isa = PBXBuildFile; fileRef = F1A6BC432B543B47001BD833 /* Reachability.swift */; };
		F1A6BC462B543DBB001BD833 /* Util+Sorting.swift in Sources */ = {isa = PBXBuildFile; fileRef = F1A6BC452B543DBB001BD833 /* Util+Sorting.swift */; };
		F1A7102B2A4345BF00255F10 /* NewGradeVM.swift in Sources */ = {isa = PBXBuildFile; fileRef = F1A7102A2A4345BF00255F10 /* NewGradeVM.swift */; };
		F1A7102D2A43757D00255F10 /* CardView.swift in Sources */ = {isa = PBXBuildFile; fileRef = F1A7102C2A43757D00255F10 /* CardView.swift */; };
		F1A710332A437F8300255F10 /* exampleData_v1.json in Resources */ = {isa = PBXBuildFile; fileRef = F1A710322A437F8300255F10 /* exampleData_v1.json */; };
		F1A710352A4384D900255F10 /* exampleData_v0.json in Resources */ = {isa = PBXBuildFile; fileRef = F1A710342A4384D600255F10 /* exampleData_v0.json */; };
		F1A772082A17940B004B8DCC /* MigrationPolicy.swift in Sources */ = {isa = PBXBuildFile; fileRef = F1A772072A17940B004B8DCC /* MigrationPolicy.swift */; };
		F1A772112A17947A004B8DCC /* Model.xcdatamodeld in Sources */ = {isa = PBXBuildFile; fileRef = F1A7720E2A17947A004B8DCC /* Model.xcdatamodeld */; };
		F1A772392A1795C6004B8DCC /* AppSettings+CoreDataClass.swift in Sources */ = {isa = PBXBuildFile; fileRef = F1A7722F2A1795C6004B8DCC /* AppSettings+CoreDataClass.swift */; };
		F1A7723A2A1795C6004B8DCC /* AppSettings+CoreDataClass.swift in Sources */ = {isa = PBXBuildFile; fileRef = F1A7722F2A1795C6004B8DCC /* AppSettings+CoreDataClass.swift */; };
		F1A7723B2A1795C6004B8DCC /* AppSettings+CoreDataProperties.swift in Sources */ = {isa = PBXBuildFile; fileRef = F1A772302A1795C6004B8DCC /* AppSettings+CoreDataProperties.swift */; };
		F1A7723C2A1795C6004B8DCC /* AppSettings+CoreDataProperties.swift in Sources */ = {isa = PBXBuildFile; fileRef = F1A772302A1795C6004B8DCC /* AppSettings+CoreDataProperties.swift */; };
		F1A7723D2A1795C6004B8DCC /* UserTest+CoreDataClass.swift in Sources */ = {isa = PBXBuildFile; fileRef = F1A772312A1795C6004B8DCC /* UserTest+CoreDataClass.swift */; };
		F1A7723E2A1795C6004B8DCC /* UserTest+CoreDataClass.swift in Sources */ = {isa = PBXBuildFile; fileRef = F1A772312A1795C6004B8DCC /* UserTest+CoreDataClass.swift */; };
		F1A7723F2A1795C6004B8DCC /* UserTest+CoreDataProperties.swift in Sources */ = {isa = PBXBuildFile; fileRef = F1A772322A1795C6004B8DCC /* UserTest+CoreDataProperties.swift */; };
		F1A772402A1795C6004B8DCC /* UserTest+CoreDataProperties.swift in Sources */ = {isa = PBXBuildFile; fileRef = F1A772322A1795C6004B8DCC /* UserTest+CoreDataProperties.swift */; };
		F1A772412A1795C6004B8DCC /* UserSubject+CoreDataClass.swift in Sources */ = {isa = PBXBuildFile; fileRef = F1A772332A1795C6004B8DCC /* UserSubject+CoreDataClass.swift */; };
		F1A772422A1795C6004B8DCC /* UserSubject+CoreDataClass.swift in Sources */ = {isa = PBXBuildFile; fileRef = F1A772332A1795C6004B8DCC /* UserSubject+CoreDataClass.swift */; };
		F1A772432A1795C6004B8DCC /* UserSubject+CoreDataProperties.swift in Sources */ = {isa = PBXBuildFile; fileRef = F1A772342A1795C6004B8DCC /* UserSubject+CoreDataProperties.swift */; };
		F1A772442A1795C6004B8DCC /* UserSubject+CoreDataProperties.swift in Sources */ = {isa = PBXBuildFile; fileRef = F1A772342A1795C6004B8DCC /* UserSubject+CoreDataProperties.swift */; };
		F1A772472A179617004B8DCC /* GradeType+CoreDataClass.swift in Sources */ = {isa = PBXBuildFile; fileRef = F1A772452A179617004B8DCC /* GradeType+CoreDataClass.swift */; };
		F1A772492A179617004B8DCC /* GradeType+CoreDataProperties.swift in Sources */ = {isa = PBXBuildFile; fileRef = F1A772462A179617004B8DCC /* GradeType+CoreDataProperties.swift */; };
		F1A7724A2A179617004B8DCC /* GradeType+CoreDataProperties.swift in Sources */ = {isa = PBXBuildFile; fileRef = F1A772462A179617004B8DCC /* GradeType+CoreDataProperties.swift */; };
		F1A7724B2A179753004B8DCC /* Model.xcdatamodeld in Sources */ = {isa = PBXBuildFile; fileRef = F1A7720E2A17947A004B8DCC /* Model.xcdatamodeld */; };
		F1A77FFA2B66905700380E56 /* BackupScreen.swift in Sources */ = {isa = PBXBuildFile; fileRef = F1A77FF92B66905700380E56 /* BackupScreen.swift */; };
		F1AAEF292A1BC1E5000CD044 /* Mapping Model 1.xcmappingmodel in Sources */ = {isa = PBXBuildFile; fileRef = F1AAEF282A1BC1E5000CD044 /* Mapping Model 1.xcmappingmodel */; };
		F1AAEF302A1BDA01000CD044 /* LineChartBase.swift in Sources */ = {isa = PBXBuildFile; fileRef = F1AAEF2F2A1BDA01000CD044 /* LineChartBase.swift */; };
		F1AAEF312A1BDA01000CD044 /* LineChartBase.swift in Sources */ = {isa = PBXBuildFile; fileRef = F1AAEF2F2A1BDA01000CD044 /* LineChartBase.swift */; };
		F1ABCA362AE1AEF000AC58C2 /* ExamWidget.swift in Sources */ = {isa = PBXBuildFile; fileRef = F1ABCA352AE1AEF000AC58C2 /* ExamWidget.swift */; };
		F1ABCA372AE1B57D00AC58C2 /* ExamVM.swift in Sources */ = {isa = PBXBuildFile; fileRef = F10D66B3298D66C200993237 /* ExamVM.swift */; };
		F1AF649329A3C7CC00BAE066 /* DoubleExtension.swift in Sources */ = {isa = PBXBuildFile; fileRef = F1AF649229A3C7CC00BAE066 /* DoubleExtension.swift */; };
		F1B0B1682996489900F3D1FD /* EditGradeScreen.swift in Sources */ = {isa = PBXBuildFile; fileRef = F1B0B1672996489900F3D1FD /* EditGradeScreen.swift */; };
		F1B0B16A299648A200F3D1FD /* EditSubjectScreen.swift in Sources */ = {isa = PBXBuildFile; fileRef = F1B0B169299648A200F3D1FD /* EditSubjectScreen.swift */; };
		F1B0B16C299648C400F3D1FD /* GradeTableOverviewScreen.swift in Sources */ = {isa = PBXBuildFile; fileRef = F1B0B16B299648C400F3D1FD /* GradeTableOverviewScreen.swift */; };
		F1B0B16E29968D4700F3D1FD /* FirstLaunchScreen.swift in Sources */ = {isa = PBXBuildFile; fileRef = F1B0B16D29968D4700F3D1FD /* FirstLaunchScreen.swift */; };
		F1B0B17029968D5100F3D1FD /* EditWeightScreen.swift in Sources */ = {isa = PBXBuildFile; fileRef = F1B0B16F29968D5100F3D1FD /* EditWeightScreen.swift */; };
		F1B0B17129968E6C00F3D1FD /* ColorExtension.swift in Sources */ = {isa = PBXBuildFile; fileRef = F17F445D298C59B3000A3993 /* ColorExtension.swift */; };
		F1B2732429B5F53900E841F4 /* ButtonStyle.swift in Sources */ = {isa = PBXBuildFile; fileRef = F1B2732329B5F53900E841F4 /* ButtonStyle.swift */; };
		F1B292A02A3B6CD200AF2ACD /* GradeType+CoreDataClass.swift in Sources */ = {isa = PBXBuildFile; fileRef = F1A772452A179617004B8DCC /* GradeType+CoreDataClass.swift */; };
		F1B292DF2A3BC1DF00AF2ACD /* MockDataProvider.swift in Sources */ = {isa = PBXBuildFile; fileRef = F1B292DE2A3BC1DF00AF2ACD /* MockDataProvider.swift */; };
		F1B386472A1CFE6800F0C5AC /* CalqTests.swift in Sources */ = {isa = PBXBuildFile; fileRef = F1B386462A1CFE6800F0C5AC /* CalqTests.swift */; };
		F1B52D172A323BCB0082DEBE /* MockCoreDataStack.swift in Sources */ = {isa = PBXBuildFile; fileRef = F1B52D162A323BCB0082DEBE /* MockCoreDataStack.swift */; };
		F1B8018B2AADD9EA003DBE47 /* exampleData_v2.json in Resources */ = {isa = PBXBuildFile; fileRef = F1B8018A2AADD9EA003DBE47 /* exampleData_v2.json */; };
		F1BC83E92AA78F17000D7CD2 /* JSONTests.swift in Sources */ = {isa = PBXBuildFile; fileRef = F1BC83E82AA78F17000D7CD2 /* JSONTests.swift */; };
		F1BD15712BA1A7FE00CE570D /* NSManagedObjectExtension.swift in Sources */ = {isa = PBXBuildFile; fileRef = F1BD15702BA1A7FE00CE570D /* NSManagedObjectExtension.swift */; };
		F1BD15752BA1B83800CE570D /* GradeTypeTests.swift in Sources */ = {isa = PBXBuildFile; fileRef = F1BD15742BA1B83800CE570D /* GradeTypeTests.swift */; };
		F1BD15772BA1B86600CE570D /* SubjectTests.swift in Sources */ = {isa = PBXBuildFile; fileRef = F1BD15762BA1B86600CE570D /* SubjectTests.swift */; };
		F1BD15792BA1B87300CE570D /* CoreDataTests.swift in Sources */ = {isa = PBXBuildFile; fileRef = F1BD15782BA1B87300CE570D /* CoreDataTests.swift */; };
		F1BD65A32B6296DB003B8D34 /* DateExtension.swift in Sources */ = {isa = PBXBuildFile; fileRef = F1BD65A22B6296DB003B8D34 /* DateExtension.swift */; };
		F1BD65A52B6296FB003B8D34 /* BackupJSON.swift in Sources */ = {isa = PBXBuildFile; fileRef = F1BD65A42B6296FB003B8D34 /* BackupJSON.swift */; };
		F1BD65A62B629991003B8D34 /* BackupJSON.swift in Sources */ = {isa = PBXBuildFile; fileRef = F1BD65A42B6296FB003B8D34 /* BackupJSON.swift */; };
		F1BD65A72B6299A2003B8D34 /* DateExtension.swift in Sources */ = {isa = PBXBuildFile; fileRef = F1BD65A22B6296DB003B8D34 /* DateExtension.swift */; };
		F1BE91C22A41DF2A00E85494 /* SubjectListVM.swift in Sources */ = {isa = PBXBuildFile; fileRef = F1BE91C12A41DF2A00E85494 /* SubjectListVM.swift */; };
		F1C04B5229BA376800DAC128 /* MediumBarChart.swift in Sources */ = {isa = PBXBuildFile; fileRef = F1C04B5129BA376800DAC128 /* MediumBarChart.swift */; };
		F1C04B5429BA3E2D00DAC128 /* SmallCircleChart.swift in Sources */ = {isa = PBXBuildFile; fileRef = F1C04B5329BA3E2D00DAC128 /* SmallCircleChart.swift */; };
		F1C04B5529BA3EAB00DAC128 /* LineChart.swift in Sources */ = {isa = PBXBuildFile; fileRef = DD0B86D327667E3F00DCC61F /* LineChart.swift */; };
		F1C2CAD82B22620E00C51D15 /* SegmentedPickerView.swift in Sources */ = {isa = PBXBuildFile; fileRef = F1C2CAD72B22620E00C51D15 /* SegmentedPickerView.swift */; };
		F1CCCB472B2A1242009B9434 /* SubjectDetailViewModel.swift in Sources */ = {isa = PBXBuildFile; fileRef = F1CCCB462B2A1242009B9434 /* SubjectDetailViewModel.swift */; };
		F1CCCB4A2B2A160D009B9434 /* GradeListViewModel.swift in Sources */ = {isa = PBXBuildFile; fileRef = F1CCCB492B2A160D009B9434 /* GradeListViewModel.swift */; };
		F1CCCB4E2B2A187A009B9434 /* EditSubjectViewModel.swift in Sources */ = {isa = PBXBuildFile; fileRef = F1CCCB4D2B2A187A009B9434 /* EditSubjectViewModel.swift */; };
		F1CE4A9F2B0BD703002A37C4 /* LincechartWidget.swift in Sources */ = {isa = PBXBuildFile; fileRef = F1CE4A9E2B0BD703002A37C4 /* LincechartWidget.swift */; };
		F1CE4AA12B0BD77C002A37C4 /* WidgetBackgroundExtension.swift in Sources */ = {isa = PBXBuildFile; fileRef = F1CE4AA02B0BD77C002A37C4 /* WidgetBackgroundExtension.swift */; };
		F1D29E792A17B8AF0001D469 /* ExportJSON.swift in Sources */ = {isa = PBXBuildFile; fileRef = F1D29E782A17B8AF0001D469 /* ExportJSON.swift */; };
		F1D29E7B2A17B8D90001D469 /* LoadJSON.swift in Sources */ = {isa = PBXBuildFile; fileRef = F1D29E7A2A17B8D90001D469 /* LoadJSON.swift */; };
		F1D29E7C2A17BCC90001D469 /* ExportJSON.swift in Sources */ = {isa = PBXBuildFile; fileRef = F1D29E782A17B8AF0001D469 /* ExportJSON.swift */; };
		F1D29E7D2A17BCCB0001D469 /* LoadJSON.swift in Sources */ = {isa = PBXBuildFile; fileRef = F1D29E7A2A17B8D90001D469 /* LoadJSON.swift */; };
		F1D29E7E2A17BCCF0001D469 /* JSONUtil.swift in Sources */ = {isa = PBXBuildFile; fileRef = DD81F6822759091600B4A43B /* JSONUtil.swift */; };
		F1D3433D29C37024002ED7DE /* SettingsVM.swift in Sources */ = {isa = PBXBuildFile; fileRef = F1D3433C29C37024002ED7DE /* SettingsVM.swift */; };
		F1DD87EE2AA795910095C057 /* LineChartTests.swift in Sources */ = {isa = PBXBuildFile; fileRef = F1DD87ED2AA795910095C057 /* LineChartTests.swift */; };
		F1DD87F02AA799700095C057 /* BarChartTests.swift in Sources */ = {isa = PBXBuildFile; fileRef = F1DD87EF2AA799700095C057 /* BarChartTests.swift */; };
		F1E8BFE329900C5500486A6D /* CircleChart.swift in Sources */ = {isa = PBXBuildFile; fileRef = F1E8BFE229900C5500486A6D /* CircleChart.swift */; };
		F1F568C8298DA72100227F88 /* ImpactSegment.swift in Sources */ = {isa = PBXBuildFile; fileRef = F1F568C7298DA72100227F88 /* ImpactSegment.swift */; };
/* End PBXBuildFile section */

/* Begin PBXContainerItemProxy section */
		DD4F97A227515CAC00D3CC57 /* PBXContainerItemProxy */ = {
			isa = PBXContainerItemProxy;
			containerPortal = DD6878782617B1A900BF2B48 /* Project object */;
			proxyType = 1;
			remoteGlobalIDString = DD4F979827515CA800D3CC57;
			remoteInfo = CalqWidgetExtension;
		};
		F1B386482A1CFE6800F0C5AC /* PBXContainerItemProxy */ = {
			isa = PBXContainerItemProxy;
			containerPortal = DD6878782617B1A900BF2B48 /* Project object */;
			proxyType = 1;
			remoteGlobalIDString = DD68787F2617B1A900BF2B48;
			remoteInfo = Calq;
		};
/* End PBXContainerItemProxy section */

/* Begin PBXCopyFilesBuildPhase section */
		DD32890226A9AA82000DFD73 /* Embed Foundation Extensions */ = {
			isa = PBXCopyFilesBuildPhase;
			buildActionMask = 2147483647;
			dstPath = "";
			dstSubfolderSpec = 13;
			files = (
				DD4F97A427515CAC00D3CC57 /* CalqWidgetExtension.appex in Embed Foundation Extensions */,
			);
			name = "Embed Foundation Extensions";
			runOnlyForDeploymentPostprocessing = 0;
		};
/* End PBXCopyFilesBuildPhase section */

/* Begin PBXFileReference section */
		DD0B86D327667E3F00DCC61F /* LineChart.swift */ = {isa = PBXFileReference; lastKnownFileType = sourcecode.swift; path = LineChart.swift; sourceTree = "<group>"; };
		DD3288EF26A9AA7F000DFD73 /* WidgetKit.framework */ = {isa = PBXFileReference; lastKnownFileType = wrapper.framework; name = WidgetKit.framework; path = System/Library/Frameworks/WidgetKit.framework; sourceTree = SDKROOT; };
		DD3288F126A9AA7F000DFD73 /* SwiftUI.framework */ = {isa = PBXFileReference; lastKnownFileType = wrapper.framework; name = SwiftUI.framework; path = System/Library/Frameworks/SwiftUI.framework; sourceTree = SDKROOT; };
		DD37556C279F3D36005DCB83 /* CalqWidgetExtensionRelease.entitlements */ = {isa = PBXFileReference; lastKnownFileType = text.plist.entitlements; path = CalqWidgetExtensionRelease.entitlements; sourceTree = "<group>"; };
		DD37556D279F3D90005DCB83 /* CalqRelease.entitlements */ = {isa = PBXFileReference; lastKnownFileType = text.plist.entitlements; path = CalqRelease.entitlements; sourceTree = "<group>"; };
		DD4F97522751167000D3CC57 /* CoreDataStack.swift */ = {isa = PBXFileReference; lastKnownFileType = sourcecode.swift; path = CoreDataStack.swift; sourceTree = "<group>"; };
		DD4F979927515CA800D3CC57 /* CalqWidgetExtension.appex */ = {isa = PBXFileReference; explicitFileType = "wrapper.app-extension"; includeInIndex = 0; path = CalqWidgetExtension.appex; sourceTree = BUILT_PRODUCTS_DIR; };
		DD4F979D27515CA800D3CC57 /* CalqWidget.swift */ = {isa = PBXFileReference; lastKnownFileType = sourcecode.swift; path = CalqWidget.swift; sourceTree = "<group>"; };
		DD4F97A127515CAC00D3CC57 /* Info.plist */ = {isa = PBXFileReference; lastKnownFileType = text.plist.xml; path = Info.plist; sourceTree = "<group>"; };
		DD4F97B327524F5200D3CC57 /* CalqWidgetExtensionDebug.entitlements */ = {isa = PBXFileReference; lastKnownFileType = text.plist.entitlements; path = CalqWidgetExtensionDebug.entitlements; sourceTree = "<group>"; };
		DD4F97B427524F7000D3CC57 /* CalqDebug.entitlements */ = {isa = PBXFileReference; lastKnownFileType = text.plist.entitlements; path = CalqDebug.entitlements; sourceTree = "<group>"; };
		DD60BA542715B69A00048FA4 /* grades.json */ = {isa = PBXFileReference; fileEncoding = 4; lastKnownFileType = text.json; path = grades.json; sourceTree = "<group>"; };
		DD6878802617B1A900BF2B48 /* Calq.app */ = {isa = PBXFileReference; explicitFileType = wrapper.application; includeInIndex = 0; path = Calq.app; sourceTree = BUILT_PRODUCTS_DIR; };
		DD68788F2617B1AB00BF2B48 /* Assets.xcassets */ = {isa = PBXFileReference; lastKnownFileType = folder.assetcatalog; path = Assets.xcassets; sourceTree = "<group>"; };
		DD6878922617B1AB00BF2B48 /* Base */ = {isa = PBXFileReference; lastKnownFileType = file.storyboard; name = Base; path = Base.lproj/LaunchScreen.storyboard; sourceTree = "<group>"; };
		DD6878942617B1AB00BF2B48 /* Info.plist */ = {isa = PBXFileReference; lastKnownFileType = text.plist.xml; path = Info.plist; sourceTree = "<group>"; };
		DD687945261C530000BF2B48 /* Util.swift */ = {isa = PBXFileReference; lastKnownFileType = sourcecode.swift; path = Util.swift; sourceTree = "<group>"; };
		DD81F6822759091600B4A43B /* JSONUtil.swift */ = {isa = PBXFileReference; lastKnownFileType = sourcecode.swift; path = JSONUtil.swift; sourceTree = "<group>"; };
		DD8813782764D58B00EB6BD8 /* BarChart.swift */ = {isa = PBXFileReference; lastKnownFileType = sourcecode.swift; path = BarChart.swift; sourceTree = "<group>"; };
		DD8D4D8D26ACC43600AC289A /* Intents.framework */ = {isa = PBXFileReference; lastKnownFileType = wrapper.framework; name = Intents.framework; path = System/Library/Frameworks/Intents.framework; sourceTree = SDKROOT; };
		DD8D4D9826ACC43600AC289A /* IntentsUI.framework */ = {isa = PBXFileReference; lastKnownFileType = wrapper.framework; name = IntentsUI.framework; path = System/Library/Frameworks/IntentsUI.framework; sourceTree = SDKROOT; };
		F10CA6B5298DB4AB008F3FE9 /* SubjectDetailScreen.swift */ = {isa = PBXFileReference; lastKnownFileType = sourcecode.swift; path = SubjectDetailScreen.swift; sourceTree = "<group>"; };
		F10D66B1298D57BD00993237 /* BlockView.swift */ = {isa = PBXFileReference; lastKnownFileType = sourcecode.swift; path = BlockView.swift; sourceTree = "<group>"; };
		F10D66B3298D66C200993237 /* ExamVM.swift */ = {isa = PBXFileReference; lastKnownFileType = sourcecode.swift; path = ExamVM.swift; sourceTree = "<group>"; };
		F10E74F22A41E6C1004C7863 /* WhatsNewScreen.swift */ = {isa = PBXFileReference; lastKnownFileType = sourcecode.swift; path = WhatsNewScreen.swift; sourceTree = "<group>"; };
		F1138E5029958878008E7FD8 /* DocumentPicker.swift */ = {isa = PBXFileReference; lastKnownFileType = sourcecode.swift; path = DocumentPicker.swift; sourceTree = "<group>"; };
		F1138E5429959677008E7FD8 /* GradeListScreen.swift */ = {isa = PBXFileReference; lastKnownFileType = sourcecode.swift; path = GradeListScreen.swift; sourceTree = "<group>"; };
		F11583002AA490BE00122FBB /* Model 3.xcdatamodel */ = {isa = PBXFileReference; lastKnownFileType = wrapper.xcdatamodel; path = "Model 3.xcdatamodel"; sourceTree = "<group>"; };
		F11583012AA4910200122FBB /* Mapping Model 2 to 3.xcmappingmodel */ = {isa = PBXFileReference; lastKnownFileType = wrapper.xcmappingmodel; path = "Mapping Model 2 to 3.xcmappingmodel"; sourceTree = "<group>"; };
		F11583032AA4AB3500122FBB /* Models.swift */ = {isa = PBXFileReference; lastKnownFileType = sourcecode.swift; path = Models.swift; sourceTree = "<group>"; };
		F14140452A47639E007E4648 /* TabViewVM.swift */ = {isa = PBXFileReference; lastKnownFileType = sourcecode.swift; path = TabViewVM.swift; sourceTree = "<group>"; };
		F14140472A476408007E4648 /* AppStoreRating.swift */ = {isa = PBXFileReference; lastKnownFileType = sourcecode.swift; path = AppStoreRating.swift; sourceTree = "<group>"; };
		F17F443C298C4DA7000A3993 /* CalqApp.swift */ = {isa = PBXFileReference; lastKnownFileType = sourcecode.swift; path = CalqApp.swift; sourceTree = "<group>"; };
		F17F443E298C4DCE000A3993 /* OverviewScreen.swift */ = {isa = PBXFileReference; lastKnownFileType = sourcecode.swift; path = OverviewScreen.swift; sourceTree = "<group>"; };
		F17F4441298C4DDF000A3993 /* TabView.swift */ = {isa = PBXFileReference; lastKnownFileType = sourcecode.swift; path = TabView.swift; sourceTree = "<group>"; };
		F17F4443298C4E7D000A3993 /* SettingsScreen.swift */ = {isa = PBXFileReference; lastKnownFileType = sourcecode.swift; path = SettingsScreen.swift; sourceTree = "<group>"; };
		F17F4445298C4EC3000A3993 /* ExamScreen.swift */ = {isa = PBXFileReference; lastKnownFileType = sourcecode.swift; path = ExamScreen.swift; sourceTree = "<group>"; };
		F17F4447298C4ED3000A3993 /* NewGradeScreen.swift */ = {isa = PBXFileReference; lastKnownFileType = sourcecode.swift; path = NewGradeScreen.swift; sourceTree = "<group>"; };
		F17F4449298C4EE7000A3993 /* SubjectListScreen.swift */ = {isa = PBXFileReference; lastKnownFileType = sourcecode.swift; path = SubjectListScreen.swift; sourceTree = "<group>"; };
		F17F445D298C59B3000A3993 /* ColorExtension.swift */ = {isa = PBXFileReference; lastKnownFileType = sourcecode.swift; path = ColorExtension.swift; sourceTree = "<group>"; };
		F192DD23299D10CB0077B905 /* NewSubject.swift */ = {isa = PBXFileReference; lastKnownFileType = sourcecode.swift; path = NewSubject.swift; sourceTree = "<group>"; };
		F192DD27299D2DEC0077B905 /* ViewExtension.swift */ = {isa = PBXFileReference; lastKnownFileType = sourcecode.swift; path = ViewExtension.swift; sourceTree = "<group>"; };
		F19B10A429AF84C000B11C82 /* OverviewVM.swift */ = {isa = PBXFileReference; lastKnownFileType = sourcecode.swift; path = OverviewVM.swift; sourceTree = "<group>"; };
		F19F8E4329F18E03006142B4 /* en */ = {isa = PBXFileReference; lastKnownFileType = text.plist.strings; name = en; path = en.lproj/Localizable.strings; sourceTree = "<group>"; };
		F19F8E4529F18E0D006142B4 /* de */ = {isa = PBXFileReference; lastKnownFileType = text.plist.strings; name = de; path = de.lproj/LaunchScreen.strings; sourceTree = "<group>"; };
		F19F8E4629F18E0D006142B4 /* de */ = {isa = PBXFileReference; lastKnownFileType = text.plist.strings; name = de; path = de.lproj/Localizable.strings; sourceTree = "<group>"; };
		F1A05C5E2A642670003734F2 /* StringExtension.swift */ = {isa = PBXFileReference; lastKnownFileType = sourcecode.swift; path = StringExtension.swift; sourceTree = "<group>"; };
		F1A53CFF2A196BFF0045C5B0 /* ListBackgroundModifier.swift */ = {isa = PBXFileReference; lastKnownFileType = sourcecode.swift; path = ListBackgroundModifier.swift; sourceTree = "<group>"; };
		F1A53D022A196C220045C5B0 /* WeightViewmodel.swift */ = {isa = PBXFileReference; lastKnownFileType = sourcecode.swift; path = WeightViewmodel.swift; sourceTree = "<group>"; };
		F1A59A3D2A6347880039C95E /* ToastView.swift */ = {isa = PBXFileReference; lastKnownFileType = sourcecode.swift; path = ToastView.swift; sourceTree = "<group>"; };
		F1A6BC412B543A59001BD833 /* FeedbackService.swift */ = {isa = PBXFileReference; lastKnownFileType = sourcecode.swift; path = FeedbackService.swift; sourceTree = "<group>"; };
		F1A6BC432B543B47001BD833 /* Reachability.swift */ = {isa = PBXFileReference; lastKnownFileType = sourcecode.swift; path = Reachability.swift; sourceTree = "<group>"; };
		F1A6BC452B543DBB001BD833 /* Util+Sorting.swift */ = {isa = PBXFileReference; lastKnownFileType = sourcecode.swift; path = "Util+Sorting.swift"; sourceTree = "<group>"; };
		F1A7102A2A4345BF00255F10 /* NewGradeVM.swift */ = {isa = PBXFileReference; lastKnownFileType = sourcecode.swift; path = NewGradeVM.swift; sourceTree = "<group>"; };
		F1A7102C2A43757D00255F10 /* CardView.swift */ = {isa = PBXFileReference; lastKnownFileType = sourcecode.swift; path = CardView.swift; sourceTree = "<group>"; };
		F1A710322A437F8300255F10 /* exampleData_v1.json */ = {isa = PBXFileReference; lastKnownFileType = text.json; path = exampleData_v1.json; sourceTree = "<group>"; };
		F1A710342A4384D600255F10 /* exampleData_v0.json */ = {isa = PBXFileReference; lastKnownFileType = text.json; path = exampleData_v0.json; sourceTree = "<group>"; };
		F1A772072A17940B004B8DCC /* MigrationPolicy.swift */ = {isa = PBXFileReference; lastKnownFileType = sourcecode.swift; path = MigrationPolicy.swift; sourceTree = "<group>"; };
		F1A7720F2A17947A004B8DCC /* Model 2.xcdatamodel */ = {isa = PBXFileReference; lastKnownFileType = wrapper.xcdatamodel; path = "Model 2.xcdatamodel"; sourceTree = "<group>"; };
		F1A772102A17947A004B8DCC /* Model.xcdatamodel */ = {isa = PBXFileReference; lastKnownFileType = wrapper.xcdatamodel; path = Model.xcdatamodel; sourceTree = "<group>"; };
		F1A7722F2A1795C6004B8DCC /* AppSettings+CoreDataClass.swift */ = {isa = PBXFileReference; lastKnownFileType = sourcecode.swift; path = "AppSettings+CoreDataClass.swift"; sourceTree = SOURCE_ROOT; };
		F1A772302A1795C6004B8DCC /* AppSettings+CoreDataProperties.swift */ = {isa = PBXFileReference; lastKnownFileType = sourcecode.swift; path = "AppSettings+CoreDataProperties.swift"; sourceTree = SOURCE_ROOT; };
		F1A772312A1795C6004B8DCC /* UserTest+CoreDataClass.swift */ = {isa = PBXFileReference; lastKnownFileType = sourcecode.swift; path = "UserTest+CoreDataClass.swift"; sourceTree = SOURCE_ROOT; };
		F1A772322A1795C6004B8DCC /* UserTest+CoreDataProperties.swift */ = {isa = PBXFileReference; lastKnownFileType = sourcecode.swift; path = "UserTest+CoreDataProperties.swift"; sourceTree = SOURCE_ROOT; };
		F1A772332A1795C6004B8DCC /* UserSubject+CoreDataClass.swift */ = {isa = PBXFileReference; lastKnownFileType = sourcecode.swift; path = "UserSubject+CoreDataClass.swift"; sourceTree = SOURCE_ROOT; };
		F1A772342A1795C6004B8DCC /* UserSubject+CoreDataProperties.swift */ = {isa = PBXFileReference; lastKnownFileType = sourcecode.swift; path = "UserSubject+CoreDataProperties.swift"; sourceTree = SOURCE_ROOT; };
		F1A772452A179617004B8DCC /* GradeType+CoreDataClass.swift */ = {isa = PBXFileReference; lastKnownFileType = sourcecode.swift; path = "GradeType+CoreDataClass.swift"; sourceTree = SOURCE_ROOT; };
		F1A772462A179617004B8DCC /* GradeType+CoreDataProperties.swift */ = {isa = PBXFileReference; lastKnownFileType = sourcecode.swift; path = "GradeType+CoreDataProperties.swift"; sourceTree = SOURCE_ROOT; };
		F1A77FF92B66905700380E56 /* BackupScreen.swift */ = {isa = PBXFileReference; lastKnownFileType = sourcecode.swift; path = BackupScreen.swift; sourceTree = "<group>"; };
		F1AAEF282A1BC1E5000CD044 /* Mapping Model 1.xcmappingmodel */ = {isa = PBXFileReference; lastKnownFileType = wrapper.xcmappingmodel; path = "Mapping Model 1.xcmappingmodel"; sourceTree = "<group>"; };
		F1AAEF2F2A1BDA01000CD044 /* LineChartBase.swift */ = {isa = PBXFileReference; lastKnownFileType = sourcecode.swift; path = LineChartBase.swift; sourceTree = "<group>"; };
		F1ABCA352AE1AEF000AC58C2 /* ExamWidget.swift */ = {isa = PBXFileReference; lastKnownFileType = sourcecode.swift; path = ExamWidget.swift; sourceTree = "<group>"; };
		F1AF649229A3C7CC00BAE066 /* DoubleExtension.swift */ = {isa = PBXFileReference; lastKnownFileType = sourcecode.swift; path = DoubleExtension.swift; sourceTree = "<group>"; };
		F1B0B1672996489900F3D1FD /* EditGradeScreen.swift */ = {isa = PBXFileReference; lastKnownFileType = sourcecode.swift; path = EditGradeScreen.swift; sourceTree = "<group>"; };
		F1B0B169299648A200F3D1FD /* EditSubjectScreen.swift */ = {isa = PBXFileReference; lastKnownFileType = sourcecode.swift; path = EditSubjectScreen.swift; sourceTree = "<group>"; };
		F1B0B16B299648C400F3D1FD /* GradeTableOverviewScreen.swift */ = {isa = PBXFileReference; lastKnownFileType = sourcecode.swift; path = GradeTableOverviewScreen.swift; sourceTree = "<group>"; };
		F1B0B16D29968D4700F3D1FD /* FirstLaunchScreen.swift */ = {isa = PBXFileReference; lastKnownFileType = sourcecode.swift; path = FirstLaunchScreen.swift; sourceTree = "<group>"; };
		F1B0B16F29968D5100F3D1FD /* EditWeightScreen.swift */ = {isa = PBXFileReference; lastKnownFileType = sourcecode.swift; path = EditWeightScreen.swift; sourceTree = "<group>"; };
		F1B2732329B5F53900E841F4 /* ButtonStyle.swift */ = {isa = PBXFileReference; lastKnownFileType = sourcecode.swift; path = ButtonStyle.swift; sourceTree = "<group>"; };
		F1B292DE2A3BC1DF00AF2ACD /* MockDataProvider.swift */ = {isa = PBXFileReference; lastKnownFileType = sourcecode.swift; path = MockDataProvider.swift; sourceTree = "<group>"; };
		F1B386442A1CFE6800F0C5AC /* CalqTests.xctest */ = {isa = PBXFileReference; explicitFileType = wrapper.cfbundle; includeInIndex = 0; path = CalqTests.xctest; sourceTree = BUILT_PRODUCTS_DIR; };
		F1B386462A1CFE6800F0C5AC /* CalqTests.swift */ = {isa = PBXFileReference; lastKnownFileType = sourcecode.swift; path = CalqTests.swift; sourceTree = "<group>"; };
		F1B52D162A323BCB0082DEBE /* MockCoreDataStack.swift */ = {isa = PBXFileReference; lastKnownFileType = sourcecode.swift; path = MockCoreDataStack.swift; sourceTree = "<group>"; };
		F1B8018A2AADD9EA003DBE47 /* exampleData_v2.json */ = {isa = PBXFileReference; lastKnownFileType = text.json; path = exampleData_v2.json; sourceTree = "<group>"; };
		F1BC83E82AA78F17000D7CD2 /* JSONTests.swift */ = {isa = PBXFileReference; lastKnownFileType = sourcecode.swift; path = JSONTests.swift; sourceTree = "<group>"; };
		F1BD15702BA1A7FE00CE570D /* NSManagedObjectExtension.swift */ = {isa = PBXFileReference; lastKnownFileType = sourcecode.swift; path = NSManagedObjectExtension.swift; sourceTree = "<group>"; };
		F1BD15742BA1B83800CE570D /* GradeTypeTests.swift */ = {isa = PBXFileReference; lastKnownFileType = sourcecode.swift; path = GradeTypeTests.swift; sourceTree = "<group>"; };
		F1BD15762BA1B86600CE570D /* SubjectTests.swift */ = {isa = PBXFileReference; lastKnownFileType = sourcecode.swift; path = SubjectTests.swift; sourceTree = "<group>"; };
		F1BD15782BA1B87300CE570D /* CoreDataTests.swift */ = {isa = PBXFileReference; lastKnownFileType = sourcecode.swift; path = CoreDataTests.swift; sourceTree = "<group>"; };
		F1BD65A22B6296DB003B8D34 /* DateExtension.swift */ = {isa = PBXFileReference; lastKnownFileType = sourcecode.swift; path = DateExtension.swift; sourceTree = "<group>"; };
		F1BD65A42B6296FB003B8D34 /* BackupJSON.swift */ = {isa = PBXFileReference; lastKnownFileType = sourcecode.swift; path = BackupJSON.swift; sourceTree = "<group>"; };
		F1BE91C12A41DF2A00E85494 /* SubjectListVM.swift */ = {isa = PBXFileReference; lastKnownFileType = sourcecode.swift; path = SubjectListVM.swift; sourceTree = "<group>"; };
		F1C04B5129BA376800DAC128 /* MediumBarChart.swift */ = {isa = PBXFileReference; lastKnownFileType = sourcecode.swift; path = MediumBarChart.swift; sourceTree = "<group>"; };
		F1C04B5329BA3E2D00DAC128 /* SmallCircleChart.swift */ = {isa = PBXFileReference; lastKnownFileType = sourcecode.swift; path = SmallCircleChart.swift; sourceTree = "<group>"; };
		F1C2CAD72B22620E00C51D15 /* SegmentedPickerView.swift */ = {isa = PBXFileReference; lastKnownFileType = sourcecode.swift; path = SegmentedPickerView.swift; sourceTree = "<group>"; };
		F1CCCB462B2A1242009B9434 /* SubjectDetailViewModel.swift */ = {isa = PBXFileReference; lastKnownFileType = sourcecode.swift; path = SubjectDetailViewModel.swift; sourceTree = "<group>"; };
		F1CCCB492B2A160D009B9434 /* GradeListViewModel.swift */ = {isa = PBXFileReference; lastKnownFileType = sourcecode.swift; path = GradeListViewModel.swift; sourceTree = "<group>"; };
		F1CCCB4D2B2A187A009B9434 /* EditSubjectViewModel.swift */ = {isa = PBXFileReference; lastKnownFileType = sourcecode.swift; path = EditSubjectViewModel.swift; sourceTree = "<group>"; };
		F1CE4A9E2B0BD703002A37C4 /* LincechartWidget.swift */ = {isa = PBXFileReference; lastKnownFileType = sourcecode.swift; path = LincechartWidget.swift; sourceTree = "<group>"; };
		F1CE4AA02B0BD77C002A37C4 /* WidgetBackgroundExtension.swift */ = {isa = PBXFileReference; lastKnownFileType = sourcecode.swift; path = WidgetBackgroundExtension.swift; sourceTree = "<group>"; };
		F1D29E782A17B8AF0001D469 /* ExportJSON.swift */ = {isa = PBXFileReference; lastKnownFileType = sourcecode.swift; path = ExportJSON.swift; sourceTree = "<group>"; };
		F1D29E7A2A17B8D90001D469 /* LoadJSON.swift */ = {isa = PBXFileReference; lastKnownFileType = sourcecode.swift; path = LoadJSON.swift; sourceTree = "<group>"; };
		F1D3433C29C37024002ED7DE /* SettingsVM.swift */ = {isa = PBXFileReference; lastKnownFileType = sourcecode.swift; path = SettingsVM.swift; sourceTree = "<group>"; };
		F1DD87ED2AA795910095C057 /* LineChartTests.swift */ = {isa = PBXFileReference; lastKnownFileType = sourcecode.swift; path = LineChartTests.swift; sourceTree = "<group>"; };
		F1DD87EF2AA799700095C057 /* BarChartTests.swift */ = {isa = PBXFileReference; lastKnownFileType = sourcecode.swift; path = BarChartTests.swift; sourceTree = "<group>"; };
		F1E8BFE229900C5500486A6D /* CircleChart.swift */ = {isa = PBXFileReference; lastKnownFileType = sourcecode.swift; path = CircleChart.swift; sourceTree = "<group>"; };
		F1F568C7298DA72100227F88 /* ImpactSegment.swift */ = {isa = PBXFileReference; lastKnownFileType = sourcecode.swift; path = ImpactSegment.swift; sourceTree = "<group>"; };
/* End PBXFileReference section */

/* Begin PBXFrameworksBuildPhase section */
		DD4F979627515CA800D3CC57 /* Frameworks */ = {
			isa = PBXFrameworksBuildPhase;
			buildActionMask = 2147483647;
			files = (
				DD4F979B27515CA800D3CC57 /* SwiftUI.framework in Frameworks */,
				DD4F979A27515CA800D3CC57 /* WidgetKit.framework in Frameworks */,
			);
			runOnlyForDeploymentPostprocessing = 0;
		};
		DD68787D2617B1A900BF2B48 /* Frameworks */ = {
			isa = PBXFrameworksBuildPhase;
			buildActionMask = 2147483647;
			files = (
			);
			runOnlyForDeploymentPostprocessing = 0;
		};
		F1B386412A1CFE6700F0C5AC /* Frameworks */ = {
			isa = PBXFrameworksBuildPhase;
			buildActionMask = 2147483647;
			files = (
			);
			runOnlyForDeploymentPostprocessing = 0;
		};
/* End PBXFrameworksBuildPhase section */

/* Begin PBXGroup section */
		787FEEECA5C14AA0667800A5 /* Frameworks */ = {
			isa = PBXGroup;
			children = (
				DD3288EF26A9AA7F000DFD73 /* WidgetKit.framework */,
				DD3288F126A9AA7F000DFD73 /* SwiftUI.framework */,
				DD8D4D8D26ACC43600AC289A /* Intents.framework */,
				DD8D4D9826ACC43600AC289A /* IntentsUI.framework */,
			);
			name = Frameworks;
			sourceTree = "<group>";
		};
		DD4F979C27515CA800D3CC57 /* CalqWidget */ = {
			isa = PBXGroup;
			children = (
				DD4F979D27515CA800D3CC57 /* CalqWidget.swift */,
				DD4F97A127515CAC00D3CC57 /* Info.plist */,
				F1C04B5129BA376800DAC128 /* MediumBarChart.swift */,
				F1C04B5329BA3E2D00DAC128 /* SmallCircleChart.swift */,
				F1ABCA352AE1AEF000AC58C2 /* ExamWidget.swift */,
				F1CE4A9E2B0BD703002A37C4 /* LincechartWidget.swift */,
				F1CE4AA02B0BD77C002A37C4 /* WidgetBackgroundExtension.swift */,
			);
			path = CalqWidget;
			sourceTree = "<group>";
		};
		DD6878772617B1A900BF2B48 = {
			isa = PBXGroup;
			children = (
				DD37556C279F3D36005DCB83 /* CalqWidgetExtensionRelease.entitlements */,
				DD4F97B327524F5200D3CC57 /* CalqWidgetExtensionDebug.entitlements */,
				DD6878822617B1A900BF2B48 /* Calq */,
				DD4F979C27515CA800D3CC57 /* CalqWidget */,
				F1B386452A1CFE6800F0C5AC /* CalqTests */,
				DD6878812617B1A900BF2B48 /* Products */,
				787FEEECA5C14AA0667800A5 /* Frameworks */,
			);
			sourceTree = "<group>";
		};
		DD6878812617B1A900BF2B48 /* Products */ = {
			isa = PBXGroup;
			children = (
				DD6878802617B1A900BF2B48 /* Calq.app */,
				DD4F979927515CA800D3CC57 /* CalqWidgetExtension.appex */,
				F1B386442A1CFE6800F0C5AC /* CalqTests.xctest */,
			);
			name = Products;
			sourceTree = "<group>";
		};
		DD6878822617B1A900BF2B48 /* Calq */ = {
			isa = PBXGroup;
			children = (
				F19F8E4429F18E03006142B4 /* Localizable.strings */,
				F17F443C298C4DA7000A3993 /* CalqApp.swift */,
				F1A59A3D2A6347880039C95E /* ToastView.swift */,
				F17F4440298C4DD2000A3993 /* Screens */,
				DD37556D279F3D90005DCB83 /* CalqRelease.entitlements */,
				DD4F97B427524F7000D3CC57 /* CalqDebug.entitlements */,
				DD70E116261F315E0092815F /* lib */,
				DD6878912617B1AB00BF2B48 /* LaunchScreen.storyboard */,
				DD68788F2617B1AB00BF2B48 /* Assets.xcassets */,
				DD6878942617B1AB00BF2B48 /* Info.plist */,
				DD60BA542715B69A00048FA4 /* grades.json */,
			);
			path = Calq;
			sourceTree = "<group>";
		};
		DD70E116261F315E0092815F /* lib */ = {
			isa = PBXGroup;
			children = (
				F1D29E772A17B8A50001D469 /* JSON */,
				DD7A4A6F26AF297B00CBF7D8 /* CoreData */,
				DD8D4DB626AD733700AC289A /* Charts */,
				DD687945261C530000BF2B48 /* Util.swift */,
				F17F445D298C59B3000A3993 /* ColorExtension.swift */,
				F192DD27299D2DEC0077B905 /* ViewExtension.swift */,
				F1AF649229A3C7CC00BAE066 /* DoubleExtension.swift */,
				F1B2732329B5F53900E841F4 /* ButtonStyle.swift */,
				F1A53CFF2A196BFF0045C5B0 /* ListBackgroundModifier.swift */,
				F1A7102C2A43757D00255F10 /* CardView.swift */,
				F14140472A476408007E4648 /* AppStoreRating.swift */,
				F1A05C5E2A642670003734F2 /* StringExtension.swift */,
				F1C2CAD72B22620E00C51D15 /* SegmentedPickerView.swift */,
				F1A6BC412B543A59001BD833 /* FeedbackService.swift */,
				F1A6BC432B543B47001BD833 /* Reachability.swift */,
				F1A6BC452B543DBB001BD833 /* Util+Sorting.swift */,
				F1BD65A22B6296DB003B8D34 /* DateExtension.swift */,
			);
			path = lib;
			sourceTree = "<group>";
		};
		DD7A4A6F26AF297B00CBF7D8 /* CoreData */ = {
			isa = PBXGroup;
			children = (
				F1A772452A179617004B8DCC /* GradeType+CoreDataClass.swift */,
				F1A772462A179617004B8DCC /* GradeType+CoreDataProperties.swift */,
				F1A7722F2A1795C6004B8DCC /* AppSettings+CoreDataClass.swift */,
				F1A772302A1795C6004B8DCC /* AppSettings+CoreDataProperties.swift */,
				F1A772312A1795C6004B8DCC /* UserTest+CoreDataClass.swift */,
				F1A772322A1795C6004B8DCC /* UserTest+CoreDataProperties.swift */,
				F1A772332A1795C6004B8DCC /* UserSubject+CoreDataClass.swift */,
				F1A772342A1795C6004B8DCC /* UserSubject+CoreDataProperties.swift */,
				F1A7720E2A17947A004B8DCC /* Model.xcdatamodeld */,
				F11583012AA4910200122FBB /* Mapping Model 2 to 3.xcmappingmodel */,
				F1AAEF282A1BC1E5000CD044 /* Mapping Model 1.xcmappingmodel */,
				DD4F97522751167000D3CC57 /* CoreDataStack.swift */,
				F1A772072A17940B004B8DCC /* MigrationPolicy.swift */,
				F1BD15702BA1A7FE00CE570D /* NSManagedObjectExtension.swift */,
			);
			path = CoreData;
			sourceTree = "<group>";
		};
		DD8D4DB626AD733700AC289A /* Charts */ = {
			isa = PBXGroup;
			children = (
				DD8813782764D58B00EB6BD8 /* BarChart.swift */,
				DD0B86D327667E3F00DCC61F /* LineChart.swift */,
				F1E8BFE229900C5500486A6D /* CircleChart.swift */,
				F1AAEF2F2A1BDA01000CD044 /* LineChartBase.swift */,
			);
			path = Charts;
			sourceTree = "<group>";
		};
		F10D66B0298D57AA00993237 /* ExamScreen */ = {
			isa = PBXGroup;
			children = (
				F17F4445298C4EC3000A3993 /* ExamScreen.swift */,
				F10D66B1298D57BD00993237 /* BlockView.swift */,
				F10D66B3298D66C200993237 /* ExamVM.swift */,
			);
			path = ExamScreen;
			sourceTree = "<group>";
		};
		F1138E5229959627008E7FD8 /* SettingsScreens */ = {
			isa = PBXGroup;
			children = (
				F1BD156D2BA19D1100CE570D /* Backup */,
				F1CCCB4C2B2A186D009B9434 /* EditSubject */,
				F1A59A422A6354890039C95E /* SettingsScreen */,
				F1A53D012A196C0E0045C5B0 /* EditWeight */,
				F1138E5029958878008E7FD8 /* DocumentPicker.swift */,
				F192DD23299D10CB0077B905 /* NewSubject.swift */,
			);
			path = SettingsScreens;
			sourceTree = "<group>";
		};
		F1138E5329959664008E7FD8 /* SubjectInfoScreens */ = {
			isa = PBXGroup;
			children = (
				F1CCCB4B2B2A184F009B9434 /* SubjectDetail */,
				F1CCCB482B2A1601009B9434 /* GradeList */,
				F1B0B16B299648C400F3D1FD /* GradeTableOverviewScreen.swift */,
			);
			path = SubjectInfoScreens;
			sourceTree = "<group>";
		};
		F17F4440298C4DD2000A3993 /* Screens */ = {
			isa = PBXGroup;
			children = (
				F17F4441298C4DDF000A3993 /* TabView.swift */,
				F14140452A47639E007E4648 /* TabViewVM.swift */,
				F1E8BFE1299004AA00486A6D /* OverviewScreen */,
				F10D66B0298D57AA00993237 /* ExamScreen */,
				F1138E5229959627008E7FD8 /* SettingsScreens */,
				F1F568C6298D912D00227F88 /* NewGradeScreen */,
				F1138E5329959664008E7FD8 /* SubjectInfoScreens */,
				F1B0B1672996489900F3D1FD /* EditGradeScreen.swift */,
				F1B0B16D29968D4700F3D1FD /* FirstLaunchScreen.swift */,
				F10E74F22A41E6C1004C7863 /* WhatsNewScreen.swift */,
				F1BE91C32A41DF3200E85494 /* SubjectList */,
			);
			path = Screens;
			sourceTree = "<group>";
		};
		F1A53D012A196C0E0045C5B0 /* EditWeight */ = {
			isa = PBXGroup;
			children = (
				F1B0B16F29968D5100F3D1FD /* EditWeightScreen.swift */,
				F1A53D022A196C220045C5B0 /* WeightViewmodel.swift */,
			);
			path = EditWeight;
			sourceTree = "<group>";
		};
		F1A59A422A6354890039C95E /* SettingsScreen */ = {
			isa = PBXGroup;
			children = (
				F17F4443298C4E7D000A3993 /* SettingsScreen.swift */,
				F1D3433C29C37024002ED7DE /* SettingsVM.swift */,
			);
			path = SettingsScreen;
			sourceTree = "<group>";
		};
		F1B386452A1CFE6800F0C5AC /* CalqTests */ = {
			isa = PBXGroup;
			children = (
				F1BD15732BA1B81700CE570D /* Util */,
				F1B52D162A323BCB0082DEBE /* MockCoreDataStack.swift */,
				F1B386462A1CFE6800F0C5AC /* CalqTests.swift */,
				F1B292DE2A3BC1DF00AF2ACD /* MockDataProvider.swift */,
				F1A710322A437F8300255F10 /* exampleData_v1.json */,
				F1A710342A4384D600255F10 /* exampleData_v0.json */,
				F1BC83E82AA78F17000D7CD2 /* JSONTests.swift */,
				F1DD87ED2AA795910095C057 /* LineChartTests.swift */,
				F1DD87EF2AA799700095C057 /* BarChartTests.swift */,
				F1B8018A2AADD9EA003DBE47 /* exampleData_v2.json */,
			);
			path = CalqTests;
			sourceTree = "<group>";
		};
		F1BD156D2BA19D1100CE570D /* Backup */ = {
			isa = PBXGroup;
			children = (
				F1A77FF92B66905700380E56 /* BackupScreen.swift */,
			);
			path = Backup;
			sourceTree = "<group>";
		};
		F1BD15732BA1B81700CE570D /* Util */ = {
			isa = PBXGroup;
			children = (
				F1BD15742BA1B83800CE570D /* GradeTypeTests.swift */,
				F1BD15762BA1B86600CE570D /* SubjectTests.swift */,
				F1BD15782BA1B87300CE570D /* CoreDataTests.swift */,
			);
			path = Util;
			sourceTree = "<group>";
		};
		F1BE91C32A41DF3200E85494 /* SubjectList */ = {
			isa = PBXGroup;
			children = (
				F17F4449298C4EE7000A3993 /* SubjectListScreen.swift */,
				F1BE91C12A41DF2A00E85494 /* SubjectListVM.swift */,
			);
			path = SubjectList;
			sourceTree = "<group>";
		};
		F1CCCB482B2A1601009B9434 /* GradeList */ = {
			isa = PBXGroup;
			children = (
				F1138E5429959677008E7FD8 /* GradeListScreen.swift */,
				F1CCCB492B2A160D009B9434 /* GradeListViewModel.swift */,
			);
			path = GradeList;
			sourceTree = "<group>";
		};
		F1CCCB4B2B2A184F009B9434 /* SubjectDetail */ = {
			isa = PBXGroup;
			children = (
				F10CA6B5298DB4AB008F3FE9 /* SubjectDetailScreen.swift */,
				F1CCCB462B2A1242009B9434 /* SubjectDetailViewModel.swift */,
			);
			path = SubjectDetail;
			sourceTree = "<group>";
		};
		F1CCCB4C2B2A186D009B9434 /* EditSubject */ = {
			isa = PBXGroup;
			children = (
				F1B0B169299648A200F3D1FD /* EditSubjectScreen.swift */,
				F1CCCB4D2B2A187A009B9434 /* EditSubjectViewModel.swift */,
			);
			path = EditSubject;
			sourceTree = "<group>";
		};
		F1D29E772A17B8A50001D469 /* JSON */ = {
			isa = PBXGroup;
			children = (
				DD81F6822759091600B4A43B /* JSONUtil.swift */,
				F1D29E782A17B8AF0001D469 /* ExportJSON.swift */,
				F1D29E7A2A17B8D90001D469 /* LoadJSON.swift */,
				F11583032AA4AB3500122FBB /* Models.swift */,
				F1BD65A42B6296FB003B8D34 /* BackupJSON.swift */,
			);
			path = JSON;
			sourceTree = "<group>";
		};
		F1E8BFE1299004AA00486A6D /* OverviewScreen */ = {
			isa = PBXGroup;
			children = (
				F17F443E298C4DCE000A3993 /* OverviewScreen.swift */,
				F19B10A429AF84C000B11C82 /* OverviewVM.swift */,
			);
			path = OverviewScreen;
			sourceTree = "<group>";
		};
		F1F568C6298D912D00227F88 /* NewGradeScreen */ = {
			isa = PBXGroup;
			children = (
				F17F4447298C4ED3000A3993 /* NewGradeScreen.swift */,
				F1F568C7298DA72100227F88 /* ImpactSegment.swift */,
				F1A7102A2A4345BF00255F10 /* NewGradeVM.swift */,
			);
			path = NewGradeScreen;
			sourceTree = "<group>";
		};
/* End PBXGroup section */

/* Begin PBXNativeTarget section */
		DD4F979827515CA800D3CC57 /* CalqWidgetExtension */ = {
			isa = PBXNativeTarget;
			buildConfigurationList = DD4F97A527515CAC00D3CC57 /* Build configuration list for PBXNativeTarget "CalqWidgetExtension" */;
			buildPhases = (
				DD4F979527515CA800D3CC57 /* Sources */,
				DD4F979627515CA800D3CC57 /* Frameworks */,
				DD4F979727515CA800D3CC57 /* Resources */,
			);
			buildRules = (
			);
			dependencies = (
			);
			name = CalqWidgetExtension;
			productName = CalqWidgetExtension;
			productReference = DD4F979927515CA800D3CC57 /* CalqWidgetExtension.appex */;
			productType = "com.apple.product-type.app-extension";
		};
		DD68787F2617B1A900BF2B48 /* Calq */ = {
			isa = PBXNativeTarget;
			buildConfigurationList = DD6878AD2617B1AB00BF2B48 /* Build configuration list for PBXNativeTarget "Calq" */;
			buildPhases = (
				DD68787C2617B1A900BF2B48 /* Sources */,
				DD68787D2617B1A900BF2B48 /* Frameworks */,
				DD68787E2617B1A900BF2B48 /* Resources */,
				DD32890226A9AA82000DFD73 /* Embed Foundation Extensions */,
				F1CDAE282A45CA8E007040A2 /* ShellScript */,
			);
			buildRules = (
			);
			dependencies = (
				DD4F97A327515CAC00D3CC57 /* PBXTargetDependency */,
			);
			name = Calq;
			productName = Calq;
			productReference = DD6878802617B1A900BF2B48 /* Calq.app */;
			productType = "com.apple.product-type.application";
		};
		F1B386432A1CFE6700F0C5AC /* CalqTests */ = {
			isa = PBXNativeTarget;
			buildConfigurationList = F1B3864A2A1CFE6800F0C5AC /* Build configuration list for PBXNativeTarget "CalqTests" */;
			buildPhases = (
				F1B386402A1CFE6700F0C5AC /* Sources */,
				F1B386412A1CFE6700F0C5AC /* Frameworks */,
				F1B386422A1CFE6700F0C5AC /* Resources */,
			);
			buildRules = (
			);
			dependencies = (
				F1B386492A1CFE6800F0C5AC /* PBXTargetDependency */,
			);
			name = CalqTests;
			productName = CalqTests;
			productReference = F1B386442A1CFE6800F0C5AC /* CalqTests.xctest */;
			productType = "com.apple.product-type.bundle.unit-test";
		};
/* End PBXNativeTarget section */

/* Begin PBXProject section */
		DD6878782617B1A900BF2B48 /* Project object */ = {
			isa = PBXProject;
			attributes = {
				BuildIndependentTargetsInParallel = YES;
				LastSwiftUpdateCheck = 1430;
				LastUpgradeCheck = 1430;
				TargetAttributes = {
					DD4F979827515CA800D3CC57 = {
						CreatedOnToolsVersion = 13.1;
					};
					DD68787F2617B1A900BF2B48 = {
						CreatedOnToolsVersion = 12.4;
					};
					F1B386432A1CFE6700F0C5AC = {
						CreatedOnToolsVersion = 14.3;
						TestTargetID = DD68787F2617B1A900BF2B48;
					};
				};
			};
			buildConfigurationList = DD68787B2617B1A900BF2B48 /* Build configuration list for PBXProject "Calq" */;
			compatibilityVersion = "Xcode 9.3";
			developmentRegion = en;
			hasScannedForEncodings = 0;
			knownRegions = (
				en,
				Base,
				de,
			);
			mainGroup = DD6878772617B1A900BF2B48;
			productRefGroup = DD6878812617B1A900BF2B48 /* Products */;
			projectDirPath = "";
			projectRoot = "";
			targets = (
				DD68787F2617B1A900BF2B48 /* Calq */,
				DD4F979827515CA800D3CC57 /* CalqWidgetExtension */,
				F1B386432A1CFE6700F0C5AC /* CalqTests */,
			);
		};
/* End PBXProject section */

/* Begin PBXResourcesBuildPhase section */
		DD4F979727515CA800D3CC57 /* Resources */ = {
			isa = PBXResourcesBuildPhase;
			buildActionMask = 2147483647;
			files = (
				F1A074B02AB4ADB2005B4957 /* Localizable.strings in Resources */,
			);
			runOnlyForDeploymentPostprocessing = 0;
		};
		DD68787E2617B1A900BF2B48 /* Resources */ = {
			isa = PBXResourcesBuildPhase;
			buildActionMask = 2147483647;
			files = (
				DD6878932617B1AB00BF2B48 /* LaunchScreen.storyboard in Resources */,
				F19F8E4229F18E03006142B4 /* Localizable.strings in Resources */,
				DD60BA552715B69A00048FA4 /* grades.json in Resources */,
				DD6878902617B1AB00BF2B48 /* Assets.xcassets in Resources */,
			);
			runOnlyForDeploymentPostprocessing = 0;
		};
		F1B386422A1CFE6700F0C5AC /* Resources */ = {
			isa = PBXResourcesBuildPhase;
			buildActionMask = 2147483647;
			files = (
				F1A710352A4384D900255F10 /* exampleData_v0.json in Resources */,
				F1B8018B2AADD9EA003DBE47 /* exampleData_v2.json in Resources */,
				F1A710332A437F8300255F10 /* exampleData_v1.json in Resources */,
			);
			runOnlyForDeploymentPostprocessing = 0;
		};
/* End PBXResourcesBuildPhase section */

/* Begin PBXShellScriptBuildPhase section */
		F1CDAE282A45CA8E007040A2 /* ShellScript */ = {
			isa = PBXShellScriptBuildPhase;
			alwaysOutOfDate = 1;
			buildActionMask = 2147483647;
			files = (
			);
			inputFileListPaths = (
			);
			inputPaths = (
			);
			outputFileListPaths = (
			);
			outputPaths = (
			);
			runOnlyForDeploymentPostprocessing = 0;
			shellPath = /bin/sh;
			shellScript = "if which swiftlint >/dev/null; then\n  swiftlint\nelse\n  echo \"warning: SwiftLint not installed, download from https://github.com/realm/SwiftLint\"\nfi\n";
		};
/* End PBXShellScriptBuildPhase section */

/* Begin PBXSourcesBuildPhase section */
		DD4F979527515CA800D3CC57 /* Sources */ = {
			isa = PBXSourcesBuildPhase;
			buildActionMask = 2147483647;
			files = (
				F1B0B17129968E6C00F3D1FD /* ColorExtension.swift in Sources */,
				F1D29E7D2A17BCCB0001D469 /* LoadJSON.swift in Sources */,
				F1A7724A2A179617004B8DCC /* GradeType+CoreDataProperties.swift in Sources */,
				F1AAEF312A1BDA01000CD044 /* LineChartBase.swift in Sources */,
				F1BD65A72B6299A2003B8D34 /* DateExtension.swift in Sources */,
				F1ABCA362AE1AEF000AC58C2 /* ExamWidget.swift in Sources */,
				F1A7723C2A1795C6004B8DCC /* AppSettings+CoreDataProperties.swift in Sources */,
				F1C04B5529BA3EAB00DAC128 /* LineChart.swift in Sources */,
				F1A772402A1795C6004B8DCC /* UserTest+CoreDataProperties.swift in Sources */,
				DD4F97A927515CCA00D3CC57 /* CoreDataStack.swift in Sources */,
				F1A772442A1795C6004B8DCC /* UserSubject+CoreDataProperties.swift in Sources */,
				F1A7724B2A179753004B8DCC /* Model.xcdatamodeld in Sources */,
				F192DD25299D2CD00077B905 /* BarChart.swift in Sources */,
				F11583052AA4AC8200122FBB /* Models.swift in Sources */,
				F1A7723A2A1795C6004B8DCC /* AppSettings+CoreDataClass.swift in Sources */,
				F1C04B5229BA376800DAC128 /* MediumBarChart.swift in Sources */,
				F1CE4AA12B0BD77C002A37C4 /* WidgetBackgroundExtension.swift in Sources */,
				F1D29E7C2A17BCC90001D469 /* ExportJSON.swift in Sources */,
				F192DD29299D2DF40077B905 /* ViewExtension.swift in Sources */,
				F1A074AF2AB4A717005B4957 /* CircleChart.swift in Sources */,
				F19359DE2B544523007F2F58 /* Util+Sorting.swift in Sources */,
				F1C04B5429BA3E2D00DAC128 /* SmallCircleChart.swift in Sources */,
				F1BD65A62B629991003B8D34 /* BackupJSON.swift in Sources */,
				F1CE4A9F2B0BD703002A37C4 /* LincechartWidget.swift in Sources */,
				F1A7723E2A1795C6004B8DCC /* UserTest+CoreDataClass.swift in Sources */,
				DD4F979E27515CA800D3CC57 /* CalqWidget.swift in Sources */,
				F1ABCA372AE1B57D00AC58C2 /* ExamVM.swift in Sources */,
				F1A772422A1795C6004B8DCC /* UserSubject+CoreDataClass.swift in Sources */,
				F1B292A02A3B6CD200AF2ACD /* GradeType+CoreDataClass.swift in Sources */,
				DD4F97A827515CC600D3CC57 /* Util.swift in Sources */,
				F1D29E7E2A17BCCF0001D469 /* JSONUtil.swift in Sources */,
			);
			runOnlyForDeploymentPostprocessing = 0;
		};
		DD68787C2617B1A900BF2B48 /* Sources */ = {
			isa = PBXSourcesBuildPhase;
			buildActionMask = 2147483647;
			files = (
				F10E74F32A41E6C1004C7863 /* WhatsNewScreen.swift in Sources */,
				F1E8BFE329900C5500486A6D /* CircleChart.swift in Sources */,
				DD4F97532751167000D3CC57 /* CoreDataStack.swift in Sources */,
				F1F568C8298DA72100227F88 /* ImpactSegment.swift in Sources */,
				F1AAEF302A1BDA01000CD044 /* LineChartBase.swift in Sources */,
				F1A772492A179617004B8DCC /* GradeType+CoreDataProperties.swift in Sources */,
				F1B0B17029968D5100F3D1FD /* EditWeightScreen.swift in Sources */,
				F1A7102B2A4345BF00255F10 /* NewGradeVM.swift in Sources */,
				F1A77FFA2B66905700380E56 /* BackupScreen.swift in Sources */,
				F1CCCB4E2B2A187A009B9434 /* EditSubjectViewModel.swift in Sources */,
				F1CCCB472B2A1242009B9434 /* SubjectDetailViewModel.swift in Sources */,
				F17F4444298C4E7D000A3993 /* SettingsScreen.swift in Sources */,
				F1AAEF292A1BC1E5000CD044 /* Mapping Model 1.xcmappingmodel in Sources */,
				F17F445E298C59B3000A3993 /* ColorExtension.swift in Sources */,
				F1C2CAD82B22620E00C51D15 /* SegmentedPickerView.swift in Sources */,
				F1A6BC442B543B47001BD833 /* Reachability.swift in Sources */,
				F14140462A47639E007E4648 /* TabViewVM.swift in Sources */,
				F1CCCB4A2B2A160D009B9434 /* GradeListViewModel.swift in Sources */,
				F1B0B1682996489900F3D1FD /* EditGradeScreen.swift in Sources */,
				F10D66B2298D57BD00993237 /* BlockView.swift in Sources */,
				F1A772412A1795C6004B8DCC /* UserSubject+CoreDataClass.swift in Sources */,
				F11583042AA4AB3500122FBB /* Models.swift in Sources */,
				F1D3433D29C37024002ED7DE /* SettingsVM.swift in Sources */,
				F1A59A3E2A6347880039C95E /* ToastView.swift in Sources */,
				F10D66B4298D66C200993237 /* ExamVM.swift in Sources */,
				F17F443D298C4DA7000A3993 /* CalqApp.swift in Sources */,
				F1AF649329A3C7CC00BAE066 /* DoubleExtension.swift in Sources */,
				F1A7723B2A1795C6004B8DCC /* AppSettings+CoreDataProperties.swift in Sources */,
				F1138E5529959677008E7FD8 /* GradeListScreen.swift in Sources */,
				F1A6BC462B543DBB001BD833 /* Util+Sorting.swift in Sources */,
				DD0B86D427667E3F00DCC61F /* LineChart.swift in Sources */,
				F1A772432A1795C6004B8DCC /* UserSubject+CoreDataProperties.swift in Sources */,
				F1BD65A32B6296DB003B8D34 /* DateExtension.swift in Sources */,
				F1138E5129958878008E7FD8 /* DocumentPicker.swift in Sources */,
				F1D29E7B2A17B8D90001D469 /* LoadJSON.swift in Sources */,
				F17F4446298C4EC3000A3993 /* ExamScreen.swift in Sources */,
				F1A7723D2A1795C6004B8DCC /* UserTest+CoreDataClass.swift in Sources */,
				F192DD28299D2DEC0077B905 /* ViewExtension.swift in Sources */,
				DD687946261C530000BF2B48 /* Util.swift in Sources */,
				F17F4442298C4DDF000A3993 /* TabView.swift in Sources */,
				F1B0B16A299648A200F3D1FD /* EditSubjectScreen.swift in Sources */,
				F1A7723F2A1795C6004B8DCC /* UserTest+CoreDataProperties.swift in Sources */,
				F1A6BC422B543A59001BD833 /* FeedbackService.swift in Sources */,
				F1B0B16E29968D4700F3D1FD /* FirstLaunchScreen.swift in Sources */,
				F192DD24299D10CB0077B905 /* NewSubject.swift in Sources */,
				F1B2732429B5F53900E841F4 /* ButtonStyle.swift in Sources */,
				F1BD65A52B6296FB003B8D34 /* BackupJSON.swift in Sources */,
				F17F443F298C4DCE000A3993 /* OverviewScreen.swift in Sources */,
				F17F4448298C4ED3000A3993 /* NewGradeScreen.swift in Sources */,
				F19B10A529AF84C000B11C82 /* OverviewVM.swift in Sources */,
				F17F444A298C4EE7000A3993 /* SubjectListScreen.swift in Sources */,
				DD81F6832759091600B4A43B /* JSONUtil.swift in Sources */,
				F1A772112A17947A004B8DCC /* Model.xcdatamodeld in Sources */,
				F1A05C5F2A642670003734F2 /* StringExtension.swift in Sources */,
				DD8813792764D58B00EB6BD8 /* BarChart.swift in Sources */,
				F10CA6B6298DB4AB008F3FE9 /* SubjectDetailScreen.swift in Sources */,
				F1A53D032A196C220045C5B0 /* WeightViewmodel.swift in Sources */,
				F1A772392A1795C6004B8DCC /* AppSettings+CoreDataClass.swift in Sources */,
				F1A53D002A196BFF0045C5B0 /* ListBackgroundModifier.swift in Sources */,
				F1BD15712BA1A7FE00CE570D /* NSManagedObjectExtension.swift in Sources */,
				F14140482A476408007E4648 /* AppStoreRating.swift in Sources */,
				F1B0B16C299648C400F3D1FD /* GradeTableOverviewScreen.swift in Sources */,
				F1A772082A17940B004B8DCC /* MigrationPolicy.swift in Sources */,
				F1BE91C22A41DF2A00E85494 /* SubjectListVM.swift in Sources */,
				F1A772472A179617004B8DCC /* GradeType+CoreDataClass.swift in Sources */,
				F1A7102D2A43757D00255F10 /* CardView.swift in Sources */,
				F11583022AA4910200122FBB /* Mapping Model 2 to 3.xcmappingmodel in Sources */,
				F1D29E792A17B8AF0001D469 /* ExportJSON.swift in Sources */,
			);
			runOnlyForDeploymentPostprocessing = 0;
		};
		F1B386402A1CFE6700F0C5AC /* Sources */ = {
			isa = PBXSourcesBuildPhase;
			buildActionMask = 2147483647;
			files = (
				F1BD15772BA1B86600CE570D /* SubjectTests.swift in Sources */,
				F1BD15752BA1B83800CE570D /* GradeTypeTests.swift in Sources */,
				F1B52D172A323BCB0082DEBE /* MockCoreDataStack.swift in Sources */,
				F1DD87EE2AA795910095C057 /* LineChartTests.swift in Sources */,
				F1B292DF2A3BC1DF00AF2ACD /* MockDataProvider.swift in Sources */,
				F1B386472A1CFE6800F0C5AC /* CalqTests.swift in Sources */,
				F1DD87F02AA799700095C057 /* BarChartTests.swift in Sources */,
				F1BC83E92AA78F17000D7CD2 /* JSONTests.swift in Sources */,
				F1BD15792BA1B87300CE570D /* CoreDataTests.swift in Sources */,
			);
			runOnlyForDeploymentPostprocessing = 0;
		};
/* End PBXSourcesBuildPhase section */

/* Begin PBXTargetDependency section */
		DD4F97A327515CAC00D3CC57 /* PBXTargetDependency */ = {
			isa = PBXTargetDependency;
			target = DD4F979827515CA800D3CC57 /* CalqWidgetExtension */;
			targetProxy = DD4F97A227515CAC00D3CC57 /* PBXContainerItemProxy */;
		};
		F1B386492A1CFE6800F0C5AC /* PBXTargetDependency */ = {
			isa = PBXTargetDependency;
			target = DD68787F2617B1A900BF2B48 /* Calq */;
			targetProxy = F1B386482A1CFE6800F0C5AC /* PBXContainerItemProxy */;
		};
/* End PBXTargetDependency section */

/* Begin PBXVariantGroup section */
		DD6878912617B1AB00BF2B48 /* LaunchScreen.storyboard */ = {
			isa = PBXVariantGroup;
			children = (
				DD6878922617B1AB00BF2B48 /* Base */,
				F19F8E4529F18E0D006142B4 /* de */,
			);
			name = LaunchScreen.storyboard;
			sourceTree = "<group>";
		};
		F19F8E4429F18E03006142B4 /* Localizable.strings */ = {
			isa = PBXVariantGroup;
			children = (
				F19F8E4329F18E03006142B4 /* en */,
				F19F8E4629F18E0D006142B4 /* de */,
			);
			name = Localizable.strings;
			sourceTree = "<group>";
		};
/* End PBXVariantGroup section */

/* Begin XCBuildConfiguration section */
		DD4F97A627515CAC00D3CC57 /* Debug */ = {
			isa = XCBuildConfiguration;
			buildSettings = {
				ASSETCATALOG_COMPILER_GLOBAL_ACCENT_COLOR_NAME = AccentColor;
				ASSETCATALOG_COMPILER_WIDGET_BACKGROUND_COLOR_NAME = WidgetBackground;
				CLANG_CXX_LANGUAGE_STANDARD = "gnu++17";
				CODE_SIGN_ENTITLEMENTS = CalqWidgetExtensionDebug.entitlements;
				CODE_SIGN_STYLE = Automatic;
				CURRENT_PROJECT_VERSION = 2;
				DEVELOPMENT_TEAM = 93TVBDWQK4;
				GENERATE_INFOPLIST_FILE = YES;
				INFOPLIST_FILE = CalqWidget/Info.plist;
				INFOPLIST_KEY_CFBundleDisplayName = CalqWidget;
				INFOPLIST_KEY_NSHumanReadableCopyright = "";
				IPHONEOS_DEPLOYMENT_TARGET = 15.0;
				LD_RUNPATH_SEARCH_PATHS = (
					"$(inherited)",
					"@executable_path/Frameworks",
					"@executable_path/../../Frameworks",
				);
				MARKETING_VERSION = 3.3.5;
				PRODUCT_BUNDLE_IDENTIFIER = AKORA.Calq.CalqWidget;
				PRODUCT_NAME = "$(TARGET_NAME)";
				SKIP_INSTALL = YES;
				SWIFT_EMIT_LOC_STRINGS = YES;
				SWIFT_VERSION = 5.0;
				TARGETED_DEVICE_FAMILY = 1;
			};
			name = Debug;
		};
		DD4F97A727515CAC00D3CC57 /* Release */ = {
			isa = XCBuildConfiguration;
			buildSettings = {
				ASSETCATALOG_COMPILER_GLOBAL_ACCENT_COLOR_NAME = AccentColor;
				ASSETCATALOG_COMPILER_WIDGET_BACKGROUND_COLOR_NAME = WidgetBackground;
				CLANG_CXX_LANGUAGE_STANDARD = "gnu++17";
				CODE_SIGN_ENTITLEMENTS = CalqWidgetExtensionRelease.entitlements;
				CODE_SIGN_STYLE = Automatic;
				CURRENT_PROJECT_VERSION = 2;
				DEVELOPMENT_TEAM = 93TVBDWQK4;
				GENERATE_INFOPLIST_FILE = YES;
				INFOPLIST_FILE = CalqWidget/Info.plist;
				INFOPLIST_KEY_CFBundleDisplayName = CalqWidget;
				INFOPLIST_KEY_NSHumanReadableCopyright = "";
				IPHONEOS_DEPLOYMENT_TARGET = 15.0;
				LD_RUNPATH_SEARCH_PATHS = (
					"$(inherited)",
					"@executable_path/Frameworks",
					"@executable_path/../../Frameworks",
				);
				MARKETING_VERSION = 3.3.5;
				PRODUCT_BUNDLE_IDENTIFIER = AKORA.Calq.CalqWidget;
				PRODUCT_NAME = "$(TARGET_NAME)";
				SKIP_INSTALL = YES;
				SWIFT_EMIT_LOC_STRINGS = YES;
				SWIFT_OPTIMIZATION_LEVEL = "-Onone";
				SWIFT_VERSION = 5.0;
				TARGETED_DEVICE_FAMILY = 1;
			};
			name = Release;
		};
		DD6878AB2617B1AB00BF2B48 /* Debug */ = {
			isa = XCBuildConfiguration;
			buildSettings = {
				ALWAYS_SEARCH_USER_PATHS = NO;
				CLANG_ANALYZER_LOCALIZABILITY_NONLOCALIZED = YES;
				CLANG_ANALYZER_NONNULL = YES;
				CLANG_ANALYZER_NUMBER_OBJECT_CONVERSION = YES_AGGRESSIVE;
				CLANG_CXX_LANGUAGE_STANDARD = "gnu++14";
				CLANG_CXX_LIBRARY = "libc++";
				CLANG_ENABLE_MODULES = YES;
				CLANG_ENABLE_OBJC_ARC = YES;
				CLANG_ENABLE_OBJC_WEAK = YES;
				CLANG_WARN_BLOCK_CAPTURE_AUTORELEASING = YES;
				CLANG_WARN_BOOL_CONVERSION = YES;
				CLANG_WARN_COMMA = YES;
				CLANG_WARN_CONSTANT_CONVERSION = YES;
				CLANG_WARN_DEPRECATED_OBJC_IMPLEMENTATIONS = YES;
				CLANG_WARN_DIRECT_OBJC_ISA_USAGE = YES_ERROR;
				CLANG_WARN_DOCUMENTATION_COMMENTS = YES;
				CLANG_WARN_EMPTY_BODY = YES;
				CLANG_WARN_ENUM_CONVERSION = YES;
				CLANG_WARN_INFINITE_RECURSION = YES;
				CLANG_WARN_INT_CONVERSION = YES;
				CLANG_WARN_NON_LITERAL_NULL_CONVERSION = YES;
				CLANG_WARN_OBJC_IMPLICIT_RETAIN_SELF = YES;
				CLANG_WARN_OBJC_LITERAL_CONVERSION = YES;
				CLANG_WARN_OBJC_ROOT_CLASS = YES_ERROR;
				CLANG_WARN_QUOTED_INCLUDE_IN_FRAMEWORK_HEADER = YES;
				CLANG_WARN_RANGE_LOOP_ANALYSIS = YES;
				CLANG_WARN_STRICT_PROTOTYPES = YES;
				CLANG_WARN_SUSPICIOUS_MOVE = YES;
				CLANG_WARN_UNGUARDED_AVAILABILITY = YES_AGGRESSIVE;
				CLANG_WARN_UNREACHABLE_CODE = YES;
				CLANG_WARN__DUPLICATE_METHOD_MATCH = YES;
				COPY_PHASE_STRIP = NO;
				DEBUG_INFORMATION_FORMAT = dwarf;
				ENABLE_STRICT_OBJC_MSGSEND = YES;
				ENABLE_TESTABILITY = YES;
				GCC_C_LANGUAGE_STANDARD = gnu11;
				GCC_DYNAMIC_NO_PIC = NO;
				GCC_NO_COMMON_BLOCKS = YES;
				GCC_OPTIMIZATION_LEVEL = 0;
				GCC_PREPROCESSOR_DEFINITIONS = (
					"DEBUG=1",
					"$(inherited)",
				);
				GCC_WARN_64_TO_32_BIT_CONVERSION = YES;
				GCC_WARN_ABOUT_RETURN_TYPE = YES_ERROR;
				GCC_WARN_UNDECLARED_SELECTOR = YES;
				GCC_WARN_UNINITIALIZED_AUTOS = YES_AGGRESSIVE;
				GCC_WARN_UNUSED_FUNCTION = YES;
				GCC_WARN_UNUSED_VARIABLE = YES;
				IPHONEOS_DEPLOYMENT_TARGET = 15.0;
				MTL_ENABLE_DEBUG_INFO = INCLUDE_SOURCE;
				MTL_FAST_MATH = YES;
				ONLY_ACTIVE_ARCH = YES;
				SDKROOT = iphoneos;
				SWIFT_ACTIVE_COMPILATION_CONDITIONS = DEBUG;
				SWIFT_OPTIMIZATION_LEVEL = "-Onone";
			};
			name = Debug;
		};
		DD6878AC2617B1AB00BF2B48 /* Release */ = {
			isa = XCBuildConfiguration;
			buildSettings = {
				ALWAYS_SEARCH_USER_PATHS = NO;
				CLANG_ANALYZER_LOCALIZABILITY_NONLOCALIZED = YES;
				CLANG_ANALYZER_NONNULL = YES;
				CLANG_ANALYZER_NUMBER_OBJECT_CONVERSION = YES_AGGRESSIVE;
				CLANG_CXX_LANGUAGE_STANDARD = "gnu++14";
				CLANG_CXX_LIBRARY = "libc++";
				CLANG_ENABLE_MODULES = YES;
				CLANG_ENABLE_OBJC_ARC = YES;
				CLANG_ENABLE_OBJC_WEAK = YES;
				CLANG_WARN_BLOCK_CAPTURE_AUTORELEASING = YES;
				CLANG_WARN_BOOL_CONVERSION = YES;
				CLANG_WARN_COMMA = YES;
				CLANG_WARN_CONSTANT_CONVERSION = YES;
				CLANG_WARN_DEPRECATED_OBJC_IMPLEMENTATIONS = YES;
				CLANG_WARN_DIRECT_OBJC_ISA_USAGE = YES_ERROR;
				CLANG_WARN_DOCUMENTATION_COMMENTS = YES;
				CLANG_WARN_EMPTY_BODY = YES;
				CLANG_WARN_ENUM_CONVERSION = YES;
				CLANG_WARN_INFINITE_RECURSION = YES;
				CLANG_WARN_INT_CONVERSION = YES;
				CLANG_WARN_NON_LITERAL_NULL_CONVERSION = YES;
				CLANG_WARN_OBJC_IMPLICIT_RETAIN_SELF = YES;
				CLANG_WARN_OBJC_LITERAL_CONVERSION = YES;
				CLANG_WARN_OBJC_ROOT_CLASS = YES_ERROR;
				CLANG_WARN_QUOTED_INCLUDE_IN_FRAMEWORK_HEADER = YES;
				CLANG_WARN_RANGE_LOOP_ANALYSIS = YES;
				CLANG_WARN_STRICT_PROTOTYPES = YES;
				CLANG_WARN_SUSPICIOUS_MOVE = YES;
				CLANG_WARN_UNGUARDED_AVAILABILITY = YES_AGGRESSIVE;
				CLANG_WARN_UNREACHABLE_CODE = YES;
				CLANG_WARN__DUPLICATE_METHOD_MATCH = YES;
				COPY_PHASE_STRIP = NO;
				DEBUG_INFORMATION_FORMAT = "dwarf-with-dsym";
				ENABLE_NS_ASSERTIONS = NO;
				ENABLE_STRICT_OBJC_MSGSEND = YES;
				GCC_C_LANGUAGE_STANDARD = gnu11;
				GCC_NO_COMMON_BLOCKS = YES;
				GCC_OPTIMIZATION_LEVEL = 0;
				GCC_WARN_64_TO_32_BIT_CONVERSION = YES;
				GCC_WARN_ABOUT_RETURN_TYPE = YES_ERROR;
				GCC_WARN_UNDECLARED_SELECTOR = YES;
				GCC_WARN_UNINITIALIZED_AUTOS = YES_AGGRESSIVE;
				GCC_WARN_UNUSED_FUNCTION = YES;
				GCC_WARN_UNUSED_VARIABLE = YES;
				IPHONEOS_DEPLOYMENT_TARGET = 15.0;
				MTL_ENABLE_DEBUG_INFO = NO;
				MTL_FAST_MATH = YES;
				SDKROOT = iphoneos;
				SWIFT_COMPILATION_MODE = wholemodule;
				SWIFT_OPTIMIZATION_LEVEL = "-Onone";
				VALIDATE_PRODUCT = YES;
			};
			name = Release;
		};
		DD6878AE2617B1AB00BF2B48 /* Debug */ = {
			isa = XCBuildConfiguration;
			buildSettings = {
				ALWAYS_EMBED_SWIFT_STANDARD_LIBRARIES = YES;
				ASSETCATALOG_COMPILER_APPICON_NAME = AppIcon;
				ASSETCATALOG_COMPILER_GLOBAL_ACCENT_COLOR_NAME = AccentColor;
				CODE_SIGN_ENTITLEMENTS = Calq/CalqDebug.entitlements;
				CODE_SIGN_STYLE = Automatic;
				CURRENT_PROJECT_VERSION = 2;
				DEVELOPMENT_TEAM = 93TVBDWQK4;
				INFOPLIST_FILE = Calq/Info.plist;
				IPHONEOS_DEPLOYMENT_TARGET = 15.0;
				LD_RUNPATH_SEARCH_PATHS = (
					"$(inherited)",
					"@executable_path/Frameworks",
				);
				MARKETING_VERSION = 3.3.5;
				PRODUCT_BUNDLE_IDENTIFIER = AKORA.Calq;
				PRODUCT_NAME = "$(TARGET_NAME)";
				SUPPORTED_PLATFORMS = "iphoneos iphonesimulator";
				SUPPORTS_MACCATALYST = NO;
				SUPPORTS_MAC_DESIGNED_FOR_IPHONE_IPAD = YES;
				SWIFT_VERSION = 5.0;
				TARGETED_DEVICE_FAMILY = "1,2";
			};
			name = Debug;
		};
		DD6878AF2617B1AB00BF2B48 /* Release */ = {
			isa = XCBuildConfiguration;
			buildSettings = {
				ALWAYS_EMBED_SWIFT_STANDARD_LIBRARIES = YES;
				ASSETCATALOG_COMPILER_APPICON_NAME = AppIcon;
				ASSETCATALOG_COMPILER_GLOBAL_ACCENT_COLOR_NAME = AccentColor;
				CODE_SIGN_ENTITLEMENTS = Calq/CalqRelease.entitlements;
				CODE_SIGN_STYLE = Automatic;
				CURRENT_PROJECT_VERSION = 2;
				DEVELOPMENT_TEAM = 93TVBDWQK4;
				INFOPLIST_FILE = Calq/Info.plist;
				IPHONEOS_DEPLOYMENT_TARGET = 15.0;
				LD_RUNPATH_SEARCH_PATHS = (
					"$(inherited)",
					"@executable_path/Frameworks",
				);
				MARKETING_VERSION = 3.3.5;
				PRODUCT_BUNDLE_IDENTIFIER = AKORA.Calq;
				PRODUCT_NAME = "$(TARGET_NAME)";
				SUPPORTED_PLATFORMS = "iphoneos iphonesimulator";
				SUPPORTS_MACCATALYST = NO;
				SUPPORTS_MAC_DESIGNED_FOR_IPHONE_IPAD = YES;
				SWIFT_VERSION = 5.0;
				TARGETED_DEVICE_FAMILY = "1,2";
			};
			name = Release;
		};
		F1B3864B2A1CFE6800F0C5AC /* Debug */ = {
			isa = XCBuildConfiguration;
			buildSettings = {
				BUNDLE_LOADER = "$(TEST_HOST)";
				CLANG_CXX_LANGUAGE_STANDARD = "gnu++20";
				CODE_SIGN_STYLE = Automatic;
				CURRENT_PROJECT_VERSION = 1;
				DEVELOPMENT_TEAM = 93TVBDWQK4;
				GENERATE_INFOPLIST_FILE = YES;
				IPHONEOS_DEPLOYMENT_TARGET = 15.0;
				MARKETING_VERSION = 1.0;
				PRODUCT_BUNDLE_IDENTIFIER = "akora-studios.CalqTests";
				PRODUCT_NAME = "$(TARGET_NAME)";
				SWIFT_EMIT_LOC_STRINGS = NO;
				SWIFT_VERSION = 5.0;
				TARGETED_DEVICE_FAMILY = "1,2";
				TEST_HOST = "$(BUILT_PRODUCTS_DIR)/Calq.app/$(BUNDLE_EXECUTABLE_FOLDER_PATH)/Calq";
			};
			name = Debug;
		};
		F1B3864C2A1CFE6800F0C5AC /* Release */ = {
			isa = XCBuildConfiguration;
			buildSettings = {
				BUNDLE_LOADER = "$(TEST_HOST)";
				CLANG_CXX_LANGUAGE_STANDARD = "gnu++20";
				CODE_SIGN_STYLE = Automatic;
				CURRENT_PROJECT_VERSION = 1;
				DEVELOPMENT_TEAM = 93TVBDWQK4;
				GENERATE_INFOPLIST_FILE = YES;
				IPHONEOS_DEPLOYMENT_TARGET = 15.0;
				MARKETING_VERSION = 1.0;
				PRODUCT_BUNDLE_IDENTIFIER = "akora-studios.CalqTests";
				PRODUCT_NAME = "$(TARGET_NAME)";
				SWIFT_COMPILATION_MODE = wholemodule;
				SWIFT_EMIT_LOC_STRINGS = NO;
				SWIFT_OPTIMIZATION_LEVEL = "-O";
				SWIFT_VERSION = 5.0;
				TARGETED_DEVICE_FAMILY = "1,2";
				TEST_HOST = "$(BUILT_PRODUCTS_DIR)/Calq.app/$(BUNDLE_EXECUTABLE_FOLDER_PATH)/Calq";
			};
			name = Release;
		};
/* End XCBuildConfiguration section */

/* Begin XCConfigurationList section */
		DD4F97A527515CAC00D3CC57 /* Build configuration list for PBXNativeTarget "CalqWidgetExtension" */ = {
			isa = XCConfigurationList;
			buildConfigurations = (
				DD4F97A627515CAC00D3CC57 /* Debug */,
				DD4F97A727515CAC00D3CC57 /* Release */,
			);
			defaultConfigurationIsVisible = 0;
			defaultConfigurationName = Release;
		};
		DD68787B2617B1A900BF2B48 /* Build configuration list for PBXProject "Calq" */ = {
			isa = XCConfigurationList;
			buildConfigurations = (
				DD6878AB2617B1AB00BF2B48 /* Debug */,
				DD6878AC2617B1AB00BF2B48 /* Release */,
			);
			defaultConfigurationIsVisible = 0;
			defaultConfigurationName = Release;
		};
		DD6878AD2617B1AB00BF2B48 /* Build configuration list for PBXNativeTarget "Calq" */ = {
			isa = XCConfigurationList;
			buildConfigurations = (
				DD6878AE2617B1AB00BF2B48 /* Debug */,
				DD6878AF2617B1AB00BF2B48 /* Release */,
			);
			defaultConfigurationIsVisible = 0;
			defaultConfigurationName = Release;
		};
		F1B3864A2A1CFE6800F0C5AC /* Build configuration list for PBXNativeTarget "CalqTests" */ = {
			isa = XCConfigurationList;
			buildConfigurations = (
				F1B3864B2A1CFE6800F0C5AC /* Debug */,
				F1B3864C2A1CFE6800F0C5AC /* Release */,
			);
			defaultConfigurationIsVisible = 0;
			defaultConfigurationName = Release;
		};
/* End XCConfigurationList section */

/* Begin XCVersionGroup section */
		F1A7720E2A17947A004B8DCC /* Model.xcdatamodeld */ = {
			isa = XCVersionGroup;
			children = (
				F11583002AA490BE00122FBB /* Model 3.xcdatamodel */,
				F1A7720F2A17947A004B8DCC /* Model 2.xcdatamodel */,
				F1A772102A17947A004B8DCC /* Model.xcdatamodel */,
			);
			currentVersion = F11583002AA490BE00122FBB /* Model 3.xcdatamodel */;
			path = Model.xcdatamodeld;
			sourceTree = "<group>";
			versionGroupType = wrapper.xcdatamodel;
		};
/* End XCVersionGroup section */
	};
	rootObject = DD6878782617B1A900BF2B48 /* Project object */;
}
